// !$*UTF8*$!
{
	archiveVersion = 1;
	classes = {
	};
	objectVersion = 77;
	objects = {

/* Begin PBXBuildFile section */
		1DDF233325BACCE834C6DE70 /* SettingsView.swift in Sources */ = {isa = PBXBuildFile; fileRef = 38F65AA8E42A7090A5502869 /* SettingsView.swift */; };
		210AD778DE4A850D4E81D0B5 /* main.swift in Sources */ = {isa = PBXBuildFile; fileRef = ADEEB9FA70B55B6E7B4D0A55 /* main.swift */; };
		4531C03FF0B3D6CE2CC01778 /* ClipboardManager.swift in Sources */ = {isa = PBXBuildFile; fileRef = E82E016F2F3C52F9888966DB /* ClipboardManager.swift */; };
		52E8AEF82D31C2DD5C1A0BB5 /* SnippetManager.swift in Sources */ = {isa = PBXBuildFile; fileRef = 03912F1FDB05177BF766A7E7 /* SnippetManager.swift */; };
		544AD7E73497224FBF1A3F31 /* AppIcon.icns in Resources */ = {isa = PBXBuildFile; fileRef = 8D174071C073A73E188450B1 /* AppIcon.icns */; };
		6FBC2D5C9F82C321362DBB50 /* MenuBarView.swift in Sources */ = {isa = PBXBuildFile; fileRef = 39D9A3B0F14D896FD1DEE344 /* MenuBarView.swift */; };
		85719C7CF54EFEEBDF0F0D13 /* HotKeyManager.swift in Sources */ = {isa = PBXBuildFile; fileRef = 04FF141BF7064ED421747FA9 /* HotKeyManager.swift */; };
		9894C05FE9EB12CE206B8AC7 /* LanguageManager.swift in Sources */ = {isa = PBXBuildFile; fileRef = ACF10FB1639F279297B434B8 /* LanguageManager.swift */; };
		9D526136DE761B17CE94D0E8 /* SnippetView.swift in Sources */ = {isa = PBXBuildFile; fileRef = AA6DD8480375E24C4EE2A615 /* SnippetView.swift */; };
		B836C919AC9109A297409D14 /* ClipboardItem.swift in Sources */ = {isa = PBXBuildFile; fileRef = 5E694A6C5FBAFEDEF4F610BE /* ClipboardItem.swift */; };
		E523D9998E17F3DF0A9FC8B9 /* DataExporter.swift in Sources */ = {isa = PBXBuildFile; fileRef = A4AFACC473D324BE3566FACF /* DataExporter.swift */; };
		F80C2A13671BC4344C5E64D3 /* Localizable.strings in Resources */ = {isa = PBXBuildFile; fileRef = 07064170A17B0669C2A27CCC /* Localizable.strings */; };
/* End PBXBuildFile section */

/* Begin PBXFileReference section */
		03912F1FDB05177BF766A7E7 /* SnippetManager.swift */ = {isa = PBXFileReference; lastKnownFileType = sourcecode.swift; path = SnippetManager.swift; sourceTree = "<group>"; };
		04FF141BF7064ED421747FA9 /* HotKeyManager.swift */ = {isa = PBXFileReference; lastKnownFileType = sourcecode.swift; path = HotKeyManager.swift; sourceTree = "<group>"; };
		38F65AA8E42A7090A5502869 /* SettingsView.swift */ = {isa = PBXFileReference; lastKnownFileType = sourcecode.swift; path = SettingsView.swift; sourceTree = "<group>"; };
		39D9A3B0F14D896FD1DEE344 /* MenuBarView.swift */ = {isa = PBXFileReference; lastKnownFileType = sourcecode.swift; path = MenuBarView.swift; sourceTree = "<group>"; };
		59FF42818B2F036ED7129552 /* Info.plist */ = {isa = PBXFileReference; lastKnownFileType = text.plist; path = Info.plist; sourceTree = "<group>"; };
		5AF13068BEED9C8AC6973639 /* zh-Hans */ = {isa = PBXFileReference; lastKnownFileType = text.plist.strings; name = "zh-Hans"; path = "zh-Hans.lproj/Localizable.strings"; sourceTree = "<group>"; };
		5E694A6C5FBAFEDEF4F610BE /* ClipboardItem.swift */ = {isa = PBXFileReference; lastKnownFileType = sourcecode.swift; path = ClipboardItem.swift; sourceTree = "<group>"; };
		8D174071C073A73E188450B1 /* AppIcon.icns */ = {isa = PBXFileReference; lastKnownFileType = image.icns; path = AppIcon.icns; sourceTree = "<group>"; };
		A4AFACC473D324BE3566FACF /* DataExporter.swift */ = {isa = PBXFileReference; lastKnownFileType = sourcecode.swift; path = DataExporter.swift; sourceTree = "<group>"; };
		AA6DD8480375E24C4EE2A615 /* SnippetView.swift */ = {isa = PBXFileReference; lastKnownFileType = sourcecode.swift; path = SnippetView.swift; sourceTree = "<group>"; };
		ACF10FB1639F279297B434B8 /* LanguageManager.swift */ = {isa = PBXFileReference; lastKnownFileType = sourcecode.swift; path = LanguageManager.swift; sourceTree = "<group>"; };
		ADEEB9FA70B55B6E7B4D0A55 /* main.swift */ = {isa = PBXFileReference; lastKnownFileType = sourcecode.swift; path = main.swift; sourceTree = "<group>"; };
		BD657C0B0ADB04F51279289B /* en */ = {isa = PBXFileReference; lastKnownFileType = text.plist.strings; name = en; path = en.lproj/Localizable.strings; sourceTree = "<group>"; };
		C03CECD72D52DC8270A49591 /* ClipboardManager.app */ = {isa = PBXFileReference; explicitFileType = wrapper.application; includeInIndex = 0; path = ClipboardManager.app; sourceTree = BUILT_PRODUCTS_DIR; };
		C57B507A0D74B68B7C609F62 /* ClipboardManager.entitlements */ = {isa = PBXFileReference; lastKnownFileType = text.plist.entitlements; path = ClipboardManager.entitlements; sourceTree = "<group>"; };
		E82E016F2F3C52F9888966DB /* ClipboardManager.swift */ = {isa = PBXFileReference; lastKnownFileType = sourcecode.swift; path = ClipboardManager.swift; sourceTree = "<group>"; };
/* End PBXFileReference section */

/* Begin PBXGroup section */
		0D4993B0AFDD575E73F35B44 /* Sources */ = {
			isa = PBXGroup;
			children = (
				8D174071C073A73E188450B1 /* AppIcon.icns */,
				5E694A6C5FBAFEDEF4F610BE /* ClipboardItem.swift */,
				C57B507A0D74B68B7C609F62 /* ClipboardManager.entitlements */,
				E82E016F2F3C52F9888966DB /* ClipboardManager.swift */,
				A4AFACC473D324BE3566FACF /* DataExporter.swift */,
				04FF141BF7064ED421747FA9 /* HotKeyManager.swift */,
				59FF42818B2F036ED7129552 /* Info.plist */,
				ACF10FB1639F279297B434B8 /* LanguageManager.swift */,
				07064170A17B0669C2A27CCC /* Localizable.strings */,
				ADEEB9FA70B55B6E7B4D0A55 /* main.swift */,
				39D9A3B0F14D896FD1DEE344 /* MenuBarView.swift */,
				38F65AA8E42A7090A5502869 /* SettingsView.swift */,
				03912F1FDB05177BF766A7E7 /* SnippetManager.swift */,
				AA6DD8480375E24C4EE2A615 /* SnippetView.swift */,
			);
			path = Sources;
			sourceTree = "<group>";
		};
		10B01EF04AA2275D46EEBB4B /* Products */ = {
			isa = PBXGroup;
			children = (
				C03CECD72D52DC8270A49591 /* ClipboardManager.app */,
			);
			name = Products;
			sourceTree = "<group>";
		};
		8D347D721165682FE77CF542 = {
			isa = PBXGroup;
			children = (
				0D4993B0AFDD575E73F35B44 /* Sources */,
				10B01EF04AA2275D46EEBB4B /* Products */,
			);
			sourceTree = "<group>";
		};
/* End PBXGroup section */

/* Begin PBXNativeTarget section */
		E792BBEFB1D81F49C3DAD71A /* ClipboardManager */ = {
			isa = PBXNativeTarget;
			buildConfigurationList = C4C1BA60FC49DFD290414835 /* Build configuration list for PBXNativeTarget "ClipboardManager" */;
			buildPhases = (
				2C471764AE30187282906617 /* Sources */,
				037925BF8BF3E3975A42E064 /* Resources */,
			);
			buildRules = (
			);
			dependencies = (
			);
			name = ClipboardManager;
			packageProductDependencies = (
			);
			productName = ClipboardManager;
			productReference = C03CECD72D52DC8270A49591 /* ClipboardManager.app */;
			productType = "com.apple.product-type.application";
		};
/* End PBXNativeTarget section */

/* Begin PBXProject section */
		CBC54F6EFA0A4453437C77FD /* Project object */ = {
			isa = PBXProject;
			attributes = {
				BuildIndependentTargetsInParallel = YES;
				LastUpgradeCheck = 1500;
				TargetAttributes = {
					E792BBEFB1D81F49C3DAD71A = {
						ProvisioningStyle = Automatic;
					};
				};
			};
			buildConfigurationList = 5A91224300EDB9050FF8B28A /* Build configuration list for PBXProject "ClipboardManager" */;
			compatibilityVersion = "Xcode 14.0";
			developmentRegion = en;
			hasScannedForEncodings = 0;
			knownRegions = (
				Base,
				en,
				"zh-Hans",
			);
			mainGroup = 8D347D721165682FE77CF542;
			minimizedProjectReferenceProxies = 1;
			preferredProjectObjectVersion = 77;
			projectDirPath = "";
			projectRoot = "";
			targets = (
				E792BBEFB1D81F49C3DAD71A /* ClipboardManager */,
			);
		};
/* End PBXProject section */

/* Begin PBXResourcesBuildPhase section */
		037925BF8BF3E3975A42E064 /* Resources */ = {
			isa = PBXResourcesBuildPhase;
			buildActionMask = 2147483647;
			files = (
				544AD7E73497224FBF1A3F31 /* AppIcon.icns in Resources */,
				F80C2A13671BC4344C5E64D3 /* Localizable.strings in Resources */,
			);
			runOnlyForDeploymentPostprocessing = 0;
		};
/* End PBXResourcesBuildPhase section */

/* Begin PBXSourcesBuildPhase section */
		2C471764AE30187282906617 /* Sources */ = {
			isa = PBXSourcesBuildPhase;
			buildActionMask = 2147483647;
			files = (
				B836C919AC9109A297409D14 /* ClipboardItem.swift in Sources */,
				4531C03FF0B3D6CE2CC01778 /* ClipboardManager.swift in Sources */,
				E523D9998E17F3DF0A9FC8B9 /* DataExporter.swift in Sources */,
				85719C7CF54EFEEBDF0F0D13 /* HotKeyManager.swift in Sources */,
				9894C05FE9EB12CE206B8AC7 /* LanguageManager.swift in Sources */,
				6FBC2D5C9F82C321362DBB50 /* MenuBarView.swift in Sources */,
				1DDF233325BACCE834C6DE70 /* SettingsView.swift in Sources */,
				52E8AEF82D31C2DD5C1A0BB5 /* SnippetManager.swift in Sources */,
				9D526136DE761B17CE94D0E8 /* SnippetView.swift in Sources */,
				210AD778DE4A850D4E81D0B5 /* main.swift in Sources */,
			);
			runOnlyForDeploymentPostprocessing = 0;
		};
/* End PBXSourcesBuildPhase section */

/* Begin PBXVariantGroup section */
		07064170A17B0669C2A27CCC /* Localizable.strings */ = {
			isa = PBXVariantGroup;
			children = (
				BD657C0B0ADB04F51279289B /* en */,
				5AF13068BEED9C8AC6973639 /* zh-Hans */,
			);
			name = Localizable.strings;
			sourceTree = "<group>";
		};
/* End PBXVariantGroup section */

/* Begin XCBuildConfiguration section */
		65E52D40A25658BE5B8DE862 /* Debug */ = {
			isa = XCBuildConfiguration;
			buildSettings = {
				ASSETCATALOG_COMPILER_APPICON_NAME = AppIcon;
				CODE_SIGN_ENTITLEMENTS = Sources/ClipboardManager.entitlements;
				CODE_SIGN_IDENTITY = "-";
				CODE_SIGN_STYLE = Automatic;
				COMBINE_HIDPI_IMAGES = YES;
				CURRENT_PROJECT_VERSION = 1;
				ENABLE_HARDENED_RUNTIME = NO;
				INFOPLIST_FILE = Sources/Info.plist;
				LD_RUNPATH_SEARCH_PATHS = (
					"$(inherited)",
					"@executable_path/../Frameworks",
				);
				MACOSX_DEPLOYMENT_TARGET = 13.0;
				MARKETING_VERSION = 1.0.0;
				PRODUCT_BUNDLE_IDENTIFIER = com.yourname.ClipboardManager;
				SDKROOT = macosx;
				SWIFT_VERSION = 5.9;
			};
			name = Debug;
		};
		8984A8F892DA6E48A3765C69 /* Release */ = {
			isa = XCBuildConfiguration;
			buildSettings = {
				ASSETCATALOG_COMPILER_APPICON_NAME = AppIcon;
				CODE_SIGN_ENTITLEMENTS = Sources/ClipboardManager.entitlements;
				CODE_SIGN_IDENTITY = "-";
				CODE_SIGN_STYLE = Automatic;
				COMBINE_HIDPI_IMAGES = YES;
				CURRENT_PROJECT_VERSION = 1;
				ENABLE_HARDENED_RUNTIME = NO;
				INFOPLIST_FILE = Sources/Info.plist;
				LD_RUNPATH_SEARCH_PATHS = (
					"$(inherited)",
					"@executable_path/../Frameworks",
				);
				MACOSX_DEPLOYMENT_TARGET = 13.0;
				MARKETING_VERSION = 1.0.0;
				PRODUCT_BUNDLE_IDENTIFIER = com.yourname.ClipboardManager;
				SDKROOT = macosx;
				SWIFT_VERSION = 5.9;
			};
			name = Release;
		};
		9D8D8CC706D7FC06D7041A12 /* Debug */ = {
			isa = XCBuildConfiguration;
			buildSettings = {
				ALWAYS_SEARCH_USER_PATHS = NO;
				CLANG_ANALYZER_NONNULL = YES;
				CLANG_ANALYZER_NUMBER_OBJECT_CONVERSION = YES_AGGRESSIVE;
				CLANG_CXX_LANGUAGE_STANDARD = "gnu++14";
				CLANG_CXX_LIBRARY = "libc++";
				CLANG_ENABLE_MODULES = YES;
				CLANG_ENABLE_OBJC_ARC = YES;
				CLANG_ENABLE_OBJC_WEAK = YES;
				CLANG_WARN_BLOCK_CAPTURE_AUTORELEASING = YES;
				CLANG_WARN_BOOL_CONVERSION = YES;
				CLANG_WARN_COMMA = YES;
				CLANG_WARN_CONSTANT_CONVERSION = YES;
				CLANG_WARN_DEPRECATED_OBJC_IMPLEMENTATIONS = YES;
				CLANG_WARN_DIRECT_OBJC_ISA_USAGE = YES_ERROR;
				CLANG_WARN_DOCUMENTATION_COMMENTS = YES;
				CLANG_WARN_EMPTY_BODY = YES;
				CLANG_WARN_ENUM_CONVERSION = YES;
				CLANG_WARN_INFINITE_RECURSION = YES;
				CLANG_WARN_INT_CONVERSION = YES;
				CLANG_WARN_NON_LITERAL_NULL_CONVERSION = YES;
				CLANG_WARN_OBJC_IMPLICIT_RETAIN_SELF = YES;
				CLANG_WARN_OBJC_LITERAL_CONVERSION = YES;
				CLANG_WARN_OBJC_ROOT_CLASS = YES_ERROR;
				CLANG_WARN_QUOTED_INCLUDE_IN_FRAMEWORK_HEADER = YES;
				CLANG_WARN_RANGE_LOOP_ANALYSIS = YES;
				CLANG_WARN_STRICT_PROTOTYPES = YES;
				CLANG_WARN_SUSPICIOUS_MOVE = YES;
				CLANG_WARN_UNGUARDED_AVAILABILITY = YES_AGGRESSIVE;
				CLANG_WARN_UNREACHABLE_CODE = YES;
				CLANG_WARN__DUPLICATE_METHOD_MATCH = YES;
				COPY_PHASE_STRIP = NO;
				DEBUG_INFORMATION_FORMAT = dwarf;
				ENABLE_STRICT_OBJC_MSGSEND = YES;
				ENABLE_TESTABILITY = YES;
				GCC_C_LANGUAGE_STANDARD = gnu11;
				GCC_DYNAMIC_NO_PIC = NO;
				GCC_NO_COMMON_BLOCKS = YES;
				GCC_OPTIMIZATION_LEVEL = 0;
				GCC_PREPROCESSOR_DEFINITIONS = (
					"$(inherited)",
					"DEBUG=1",
				);
				GCC_WARN_64_TO_32_BIT_CONVERSION = YES;
				GCC_WARN_ABOUT_RETURN_TYPE = YES_ERROR;
				GCC_WARN_UNDECLARED_SELECTOR = YES;
				GCC_WARN_UNINITIALIZED_AUTOS = YES_AGGRESSIVE;
				GCC_WARN_UNUSED_FUNCTION = YES;
				GCC_WARN_UNUSED_VARIABLE = YES;
				MACOSX_DEPLOYMENT_TARGET = 13.0;
				MTL_ENABLE_DEBUG_INFO = INCLUDE_SOURCE;
				MTL_FAST_MATH = YES;
				ONLY_ACTIVE_ARCH = YES;
				PRODUCT_NAME = "$(TARGET_NAME)";
				SDKROOT = macosx;
				SWIFT_ACTIVE_COMPILATION_CONDITIONS = DEBUG;
				SWIFT_OPTIMIZATION_LEVEL = "-Onone";
				SWIFT_VERSION = 5.0;
			};
			name = Debug;
		};
		E87AFD3734FA3707E21B232A /* Release */ = {
			isa = XCBuildConfiguration;
			buildSettings = {
				ALWAYS_SEARCH_USER_PATHS = NO;
				CLANG_ANALYZER_NONNULL = YES;
				CLANG_ANALYZER_NUMBER_OBJECT_CONVERSION = YES_AGGRESSIVE;
				CLANG_CXX_LANGUAGE_STANDARD = "gnu++14";
				CLANG_CXX_LIBRARY = "libc++";
				CLANG_ENABLE_MODULES = YES;
				CLANG_ENABLE_OBJC_ARC = YES;
				CLANG_ENABLE_OBJC_WEAK = YES;
				CLANG_WARN_BLOCK_CAPTURE_AUTORELEASING = YES;
				CLANG_WARN_BOOL_CONVERSION = YES;
				CLANG_WARN_COMMA = YES;
				CLANG_WARN_CONSTANT_CONVERSION = YES;
				CLANG_WARN_DEPRECATED_OBJC_IMPLEMENTATIONS = YES;
				CLANG_WARN_DIRECT_OBJC_ISA_USAGE = YES_ERROR;
				CLANG_WARN_DOCUMENTATION_COMMENTS = YES;
				CLANG_WARN_EMPTY_BODY = YES;
				CLANG_WARN_ENUM_CONVERSION = YES;
				CLANG_WARN_INFINITE_RECURSION = YES;
				CLANG_WARN_INT_CONVERSION = YES;
				CLANG_WARN_NON_LITERAL_NULL_CONVERSION = YES;
				CLANG_WARN_OBJC_IMPLICIT_RETAIN_SELF = YES;
				CLANG_WARN_OBJC_LITERAL_CONVERSION = YES;
				CLANG_WARN_OBJC_ROOT_CLASS = YES_ERROR;
				CLANG_WARN_QUOTED_INCLUDE_IN_FRAMEWORK_HEADER = YES;
				CLANG_WARN_RANGE_LOOP_ANALYSIS = YES;
				CLANG_WARN_STRICT_PROTOTYPES = YES;
				CLANG_WARN_SUSPICIOUS_MOVE = YES;
				CLANG_WARN_UNGUARDED_AVAILABILITY = YES_AGGRESSIVE;
				CLANG_WARN_UNREACHABLE_CODE = YES;
				CLANG_WARN__DUPLICATE_METHOD_MATCH = YES;
				COPY_PHASE_STRIP = NO;
				DEBUG_INFORMATION_FORMAT = "dwarf-with-dsym";
				ENABLE_NS_ASSERTIONS = NO;
				ENABLE_STRICT_OBJC_MSGSEND = YES;
				GCC_C_LANGUAGE_STANDARD = gnu11;
				GCC_NO_COMMON_BLOCKS = YES;
				GCC_WARN_64_TO_32_BIT_CONVERSION = YES;
				GCC_WARN_ABOUT_RETURN_TYPE = YES_ERROR;
				GCC_WARN_UNDECLARED_SELECTOR = YES;
				GCC_WARN_UNINITIALIZED_AUTOS = YES_AGGRESSIVE;
				GCC_WARN_UNUSED_FUNCTION = YES;
				GCC_WARN_UNUSED_VARIABLE = YES;
				MACOSX_DEPLOYMENT_TARGET = 13.0;
				MTL_ENABLE_DEBUG_INFO = NO;
				MTL_FAST_MATH = YES;
				PRODUCT_NAME = "$(TARGET_NAME)";
				SDKROOT = macosx;
				SWIFT_COMPILATION_MODE = wholemodule;
				SWIFT_OPTIMIZATION_LEVEL = "-O";
				SWIFT_VERSION = 5.0;
			};
			name = Release;
		};
/* End XCBuildConfiguration section */

/* Begin XCConfigurationList section */
		5A91224300EDB9050FF8B28A /* Build configuration list for PBXProject "ClipboardManager" */ = {
			isa = XCConfigurationList;
			buildConfigurations = (
				9D8D8CC706D7FC06D7041A12 /* Debug */,
				E87AFD3734FA3707E21B232A /* Release */,
			);
			defaultConfigurationIsVisible = 0;
			defaultConfigurationName = Debug;
		};
		C4C1BA60FC49DFD290414835 /* Build configuration list for PBXNativeTarget "ClipboardManager" */ = {
			isa = XCConfigurationList;
			buildConfigurations = (
				65E52D40A25658BE5B8DE862 /* Debug */,
				8984A8F892DA6E48A3765C69 /* Release */,
			);
			defaultConfigurationIsVisible = 0;
			defaultConfigurationName = Debug;
		};
/* End XCConfigurationList section */
	};
	rootObject = CBC54F6EFA0A4453437C77FD /* Project object */;
}
