// !$*UTF8*$!
{
	archiveVersion = 1;
	classes = {
	};
	objectVersion = 77;
	objects = {

/* Begin PBXBuildFile section */
		01FD9EB5711544C75AF0F2E5 /* PasteQueue.swift in Sources */ = {isa = PBXBuildFile; fileRef = 6A45DED895AE27225471AE4E /* PasteQueue.swift */; };
		022631D5F70E95C24CE603AC /* AppPreferencesStore.swift in Sources */ = {isa = PBXBuildFile; fileRef = 8A4E28790A2C98F12995503B /* AppPreferencesStore.swift */; };
		02579E74F559193DF9CA9C2F /* ImageCache.swift in Sources */ = {isa = PBXBuildFile; fileRef = 000A727FDBF490FB46728FE9 /* ImageCache.swift */; };
		09FD826963D258CF2BFC1F01 /* FuzzySearchTests.swift in Sources */ = {isa = PBXBuildFile; fileRef = 2A5A7B42D4192B3EECEC95A4 /* FuzzySearchTests.swift */; };
		0AE7023C8BEC16F29623BCC3 /* SnippetVariableTests.swift in Sources */ = {isa = PBXBuildFile; fileRef = 1499DD407A96F8F2E359EFCB /* SnippetVariableTests.swift */; };
		0B851F648A197600FB143D15 /* SnippetVariableEngine.swift in Sources */ = {isa = PBXBuildFile; fileRef = 41C580B94E729233477BB007 /* SnippetVariableEngine.swift */; };
		0C120C623B6FD6EAA3FF14D8 /* ContentDetector.swift in Sources */ = {isa = PBXBuildFile; fileRef = 9FF92865505E0731F904DE36 /* ContentDetector.swift */; };
		0CF06B28F29AF67E796FBE96 /* ClipboardEmbeddingPolicyTests.swift in Sources */ = {isa = PBXBuildFile; fileRef = 152FF354605C2E8B2728EC6E /* ClipboardEmbeddingPolicyTests.swift */; };
		0DBA0890DFB0E9DA924DCAC6 /* ClipboardPersistenceCoordinator.swift in Sources */ = {isa = PBXBuildFile; fileRef = 768F80D054CFBF222B212663 /* ClipboardPersistenceCoordinator.swift */; };
		1269058D839BF896E927B1FB /* Snippet.swift in Sources */ = {isa = PBXBuildFile; fileRef = 39761A6D1C4FD1F3600CB8A4 /* Snippet.swift */; };
		13B78619CD9FAC340F81BD30 /* DataPortService.swift in Sources */ = {isa = PBXBuildFile; fileRef = 56D28337D6E603DFD75AC57A /* DataPortService.swift */; };
		1962533D28E7134DC60E8A4C /* CloudSyncService.swift in Sources */ = {isa = PBXBuildFile; fileRef = 8E8150A94E2DD95542B29769 /* CloudSyncService.swift */; };
		1DDF233325BACCE834C6DE70 /* SettingsView.swift in Sources */ = {isa = PBXBuildFile; fileRef = 38F65AA8E42A7090A5502869 /* SettingsView.swift */; };
		1DF817D28FA826A77FC2B250 /* ClipboardHistoryMaintenance.swift in Sources */ = {isa = PBXBuildFile; fileRef = 848997EA4F8596169C4D107F /* ClipboardHistoryMaintenance.swift */; };
		210AD778DE4A850D4E81D0B5 /* main.swift in Sources */ = {isa = PBXBuildFile; fileRef = ADEEB9FA70B55B6E7B4D0A55 /* main.swift */; };
		22C2087332D9F78DCF031B20 /* BiometricAuthService.swift in Sources */ = {isa = PBXBuildFile; fileRef = F3CA9E58E9A4A45ECBB7D9E0 /* BiometricAuthService.swift */; };
		234A84DACAD8D480AB894A79 /* ClipboardHistoryQueries.swift in Sources */ = {isa = PBXBuildFile; fileRef = 94E7F45F807CBA0518D2AF81 /* ClipboardHistoryQueries.swift */; };
		2490867290AE925602143833 /* ScriptRuleRunnerTests.swift in Sources */ = {isa = PBXBuildFile; fileRef = 3697D7670FDEB600ACFEF42A /* ScriptRuleRunnerTests.swift */; };
		26026E1F012CEFA3F9070651 /* MenuBarAuxiliaryViews.swift in Sources */ = {isa = PBXBuildFile; fileRef = 6D06F088491A788207C44A07 /* MenuBarAuxiliaryViews.swift */; };
		2648A84E27A7407107EA29A3 /* ClipboardRuleEngine.swift in Sources */ = {isa = PBXBuildFile; fileRef = 7A969AC59536A3220D437BBC /* ClipboardRuleEngine.swift */; };
		26F1DA5EB6261A36480317CA /* TestMocks.swift in Sources */ = {isa = PBXBuildFile; fileRef = 230174DE93CEF7772544115A /* TestMocks.swift */; };
		2D575C0AF179223064D0FFBB /* SQLiteHistoryStore.swift in Sources */ = {isa = PBXBuildFile; fileRef = 2309D4486F0BE680CED1B327 /* SQLiteHistoryStore.swift */; };
		328E23E01C84B190ED6C07D7 /* EncryptionServiceTests.swift in Sources */ = {isa = PBXBuildFile; fileRef = A7C721A7B3E284D02C07702C /* EncryptionServiceTests.swift */; };
		346B807CDC8A8B85370F69B6 /* TextTransformTests.swift in Sources */ = {isa = PBXBuildFile; fileRef = B87F747A3CD728A129E601F0 /* TextTransformTests.swift */; };
		351FEAE975768D471A8D65FD /* StoreTests.swift in Sources */ = {isa = PBXBuildFile; fileRef = 1C5AA56CE10ACDFA591D2710 /* StoreTests.swift */; };
		3CDA8831499B4CB6E2E1AEDB /* ContentDetectorTests.swift in Sources */ = {isa = PBXBuildFile; fileRef = 9B15B83BD512F804E66C6EFB /* ContentDetectorTests.swift */; };
		3F94624F3E3D468815E9CA41 /* CodeHighlighter.swift in Sources */ = {isa = PBXBuildFile; fileRef = 72A5F6C161E5CF63A2310829 /* CodeHighlighter.swift */; };
		40A84CBD89AA99A31D2598F0 /* ClipboardHistoryMaintenanceTests.swift in Sources */ = {isa = PBXBuildFile; fileRef = 7C3D107BF12717A1031532A3 /* ClipboardHistoryMaintenanceTests.swift */; };
		42E945D7E00CB63F30327075 /* ClipboardContentCodec.swift in Sources */ = {isa = PBXBuildFile; fileRef = BC83AAA290D21130A7A71ECE /* ClipboardContentCodec.swift */; };
		43E1A53E735048817A8036F8 /* ClipboardImageStore.swift in Sources */ = {isa = PBXBuildFile; fileRef = FC6065CBDD5CBA8421C10926 /* ClipboardImageStore.swift */; };
		4531C03FF0B3D6CE2CC01778 /* ClipboardManager.swift in Sources */ = {isa = PBXBuildFile; fileRef = E82E016F2F3C52F9888966DB /* ClipboardManager.swift */; };
		48297C544C11EF18BB80A3A2 /* ClipboardMonitor.swift in Sources */ = {isa = PBXBuildFile; fileRef = 19E01FFC90253C111D52F866 /* ClipboardMonitor.swift */; };
		4A76A56E552C12B6969FB262 /* ClipboardHistoryIndex.swift in Sources */ = {isa = PBXBuildFile; fileRef = DC5C997F664202D06B31D951 /* ClipboardHistoryIndex.swift */; };
		4DF8535331AB44A6BFC5D6F8 /* ClipboardHistoryOrdering.swift in Sources */ = {isa = PBXBuildFile; fileRef = BABE335C2A565C6A9B5C70B1 /* ClipboardHistoryOrdering.swift */; };
		52E8AEF82D31C2DD5C1A0BB5 /* SnippetManager.swift in Sources */ = {isa = PBXBuildFile; fileRef = 03912F1FDB05177BF766A7E7 /* SnippetManager.swift */; };
		53977467ADFF8F96055084A7 /* ClipboardHistoryStore.swift in Sources */ = {isa = PBXBuildFile; fileRef = 9520F8E108CCCE35AC2F629A /* ClipboardHistoryStore.swift */; };
		544AD7E73497224FBF1A3F31 /* AppIcon.icns in Resources */ = {isa = PBXBuildFile; fileRef = 8D174071C073A73E188450B1 /* AppIcon.icns */; };
		5504A6AB321EE3A300D51BCE /* OnboardingView.swift in Sources */ = {isa = PBXBuildFile; fileRef = F62F2B559A6E2578EFCB2C6D /* OnboardingView.swift */; };
		56D218EE7AA43304EB252DDC /* TextTransformAdvancedTests.swift in Sources */ = {isa = PBXBuildFile; fileRef = ACFDBBB7498E1190AE9432BB /* TextTransformAdvancedTests.swift */; };
		5AE60781670144662116C6C6 /* ClipboardRuleStore.swift in Sources */ = {isa = PBXBuildFile; fileRef = 447CAF5FC7E0516D6C4A5172 /* ClipboardRuleStore.swift */; };
		5C161F7A026A357FF5BF9938 /* SnippetExpansionMonitor.swift in Sources */ = {isa = PBXBuildFile; fileRef = 342A851D77B7541F1774001F /* SnippetExpansionMonitor.swift */; };
		601A2E63117196683FAA8F0F /* RuleStoreImportExportTests.swift in Sources */ = {isa = PBXBuildFile; fileRef = D73D72E038583E3C71DD8686 /* RuleStoreImportExportTests.swift */; };
		6FBC2D5C9F82C321362DBB50 /* MenuBarView.swift in Sources */ = {isa = PBXBuildFile; fileRef = 39D9A3B0F14D896FD1DEE344 /* MenuBarView.swift */; };
		73448B4FA3AC4C4125EEE0C5 /* WindowLayout.swift in Sources */ = {isa = PBXBuildFile; fileRef = 477C950CB1A59FED56479D1D /* WindowLayout.swift */; };
		73F6E76202851FEBA68BFF7E /* ClipboardSyncCoordinator.swift in Sources */ = {isa = PBXBuildFile; fileRef = A760FD6C608AEAC33186041A /* ClipboardSyncCoordinator.swift */; };
		78F3FF7F4D5E0299CD06DE00 /* SQLiteMigrationV3Tests.swift in Sources */ = {isa = PBXBuildFile; fileRef = 06328D03C4D2BC5623B6E524 /* SQLiteMigrationV3Tests.swift */; };
		7ACC414BBCD0CBEF4C31A9B2 /* ClipboardMonitorTests.swift in Sources */ = {isa = PBXBuildFile; fileRef = C96FEE7DCE2AF7046A440A40 /* ClipboardMonitorTests.swift */; };
		7AF98B401DB5CF932FF4907C /* ClipboardPasteboardWriter.swift in Sources */ = {isa = PBXBuildFile; fileRef = AF108DF5A09B6EE3E766E702 /* ClipboardPasteboardWriter.swift */; };
		7E9E08761595299EFAA64D52 /* TextTransform.swift in Sources */ = {isa = PBXBuildFile; fileRef = D76A53C6DE601CFFFD49BB18 /* TextTransform.swift */; };
		7F5C0FA4959D4EB98D8B6ECE /* PanelSupport.swift in Sources */ = {isa = PBXBuildFile; fileRef = 12BCBA943B88C10DE1125648 /* PanelSupport.swift */; };
		85719C7CF54EFEEBDF0F0D13 /* HotKeyManager.swift in Sources */ = {isa = PBXBuildFile; fileRef = 04FF141BF7064ED421747FA9 /* HotKeyManager.swift */; };
		8640A539E8041BD77A614EB4 /* FuzzySearch.swift in Sources */ = {isa = PBXBuildFile; fileRef = AEF78C4A12805F0978905BE5 /* FuzzySearch.swift */; };
		89C68161D8AC69A22788DAE5 /* DiffEngine.swift in Sources */ = {isa = PBXBuildFile; fileRef = 2C254AA2DCFAA35373C187AF /* DiffEngine.swift */; };
		8C296997DBBB336E54E0CEF0 /* ClipboardHistoryQueriesTests.swift in Sources */ = {isa = PBXBuildFile; fileRef = E092C52BB09E97BC6BE89E61 /* ClipboardHistoryQueriesTests.swift */; };
		8EA8BCB8F4B9648A1A5DF08F /* ClipboardOCRQueue.swift in Sources */ = {isa = PBXBuildFile; fileRef = EE2C841282084C9D3530AB9F /* ClipboardOCRQueue.swift */; };
		8EC0715983E61A09D18FF6AB /* PasteQueueTests.swift in Sources */ = {isa = PBXBuildFile; fileRef = 7B6EE5AE0EF73F03A0359B93 /* PasteQueueTests.swift */; };
		96CEB6D87A028F0EFEE9F71A /* SnippetsView.swift in Sources */ = {isa = PBXBuildFile; fileRef = CB68000639C306797C61F508 /* SnippetsView.swift */; };
		97328E02C590B0F741C92F15 /* ClipboardIngestPipeline.swift in Sources */ = {isa = PBXBuildFile; fileRef = E16E71FB253317E1683E7112 /* ClipboardIngestPipeline.swift */; };
		9894C05FE9EB12CE206B8AC7 /* LanguageManager.swift in Sources */ = {isa = PBXBuildFile; fileRef = ACF10FB1639F279297B434B8 /* LanguageManager.swift */; };
		9A252AF27BFBBBACD4B400CA /* SnippetStore.swift in Sources */ = {isa = PBXBuildFile; fileRef = D1A61FA3661EF09CD4811E15 /* SnippetStore.swift */; };
		9A65EDB18725F2FDFF2004FB /* ClipboardEmbeddingPolicy.swift in Sources */ = {isa = PBXBuildFile; fileRef = DDC2E86D9D60C316ED3CD129 /* ClipboardEmbeddingPolicy.swift */; };
		9B0C41EAB37653959253937E /* HotKeyStore.swift in Sources */ = {isa = PBXBuildFile; fileRef = F10F59BA1E3DA629A587A70D /* HotKeyStore.swift */; };
		9BC33CBD5771B0704EAFA443 /* AppIntents.swift in Sources */ = {isa = PBXBuildFile; fileRef = 9B0FBAF1ADB8010FD11990E3 /* AppIntents.swift */; };
		9CEAE74692FCD373BC2BBB17 /* AppIntents.framework in Frameworks */ = {isa = PBXBuildFile; fileRef = 84FA28D1357C06A3B714E407 /* AppIntents.framework */; };
		A00F5D6A0D78B2AA6E4D7249 /* libsqlite3.tbd in Frameworks */ = {isa = PBXBuildFile; fileRef = 268E36D796BD9205B0BE9FA2 /* libsqlite3.tbd */; };
		A9155A6DBA339C1B89273896 /* PersistenceScheduler.swift in Sources */ = {isa = PBXBuildFile; fileRef = 1323206617D6AB4733B09AC3 /* PersistenceScheduler.swift */; };
		ABCAEA37C2F6434707D8A9F3 /* PerformanceBenchmarkTests.swift in Sources */ = {isa = PBXBuildFile; fileRef = DE63CC31F63EA36D329B3F72 /* PerformanceBenchmarkTests.swift */; };
		AC0A998D14D8CBBE16288841 /* PersistenceSchedulerTests.swift in Sources */ = {isa = PBXBuildFile; fileRef = 59CB9C6B9B14309511CA2D9D /* PersistenceSchedulerTests.swift */; };
		B03F4403D832618652B12813 /* QuickPastePanel.swift in Sources */ = {isa = PBXBuildFile; fileRef = 3184343AAAA4F2D50435CE0F /* QuickPastePanel.swift */; };
		B0AD3EA4C97D063A8BB3CFB9 /* SQLiteHistoryStoreTests.swift in Sources */ = {isa = PBXBuildFile; fileRef = BC62F58D845CFD3A951C5F9F /* SQLiteHistoryStoreTests.swift */; };
		B2E7698D832ACEAE89BCD3C8 /* ClipboardImageManager.swift in Sources */ = {isa = PBXBuildFile; fileRef = 1BF3E85E82D4969387C5D2D7 /* ClipboardImageManager.swift */; };
		B33BB60AEC83D8E499E78CFA /* RulesSettingsView.swift in Sources */ = {isa = PBXBuildFile; fileRef = D26A53D32C54386A28F1420E /* RulesSettingsView.swift */; };
		B836C919AC9109A297409D14 /* ClipboardItem.swift in Sources */ = {isa = PBXBuildFile; fileRef = 5E694A6C5FBAFEDEF4F610BE /* ClipboardItem.swift */; };
		BDF4B02DAFA2A63D3DEA450D /* SnippetTests.swift in Sources */ = {isa = PBXBuildFile; fileRef = 43B0938D08916B2468F38509 /* SnippetTests.swift */; };
		C6E5293B7CD5D7C9B10A0C6E /* PasteAdapter.swift in Sources */ = {isa = PBXBuildFile; fileRef = B922FC609C294607F051E6CA /* PasteAdapter.swift */; };
		CCB9910D55CBDFC6648BA3DF /* JavaScriptCore.framework in Frameworks */ = {isa = PBXBuildFile; fileRef = C26D8078CA3A7C3731530B98 /* JavaScriptCore.framework */; };
		CEF56B20FCD31D03DA9091BC /* DiffViewerSheet.swift in Sources */ = {isa = PBXBuildFile; fileRef = 5F61D6DDCC5DDF1081B5EE80 /* DiffViewerSheet.swift */; };
		CF4F5EB1B7715A5674870A48 /* StatusItemController.swift in Sources */ = {isa = PBXBuildFile; fileRef = 8407DC111EA64FC0BAA5523F /* StatusItemController.swift */; };
		D063EA40FB8504CE88F52216 /* HistoryStoreBackupTests.swift in Sources */ = {isa = PBXBuildFile; fileRef = E15FBE8F43B0E476798C4552 /* HistoryStoreBackupTests.swift */; };
		D46BEB621B3BB42EE61819F1 /* SpotlightIndexService.swift in Sources */ = {isa = PBXBuildFile; fileRef = 7273C06556893702478CF2AA /* SpotlightIndexService.swift */; };
		D7403FD24AD0354D4544032C /* ClipboardManagerTests.swift in Sources */ = {isa = PBXBuildFile; fileRef = 172C6B1379A3A70A91305FAB /* ClipboardManagerTests.swift */; };
		DC59EBB633AB829110FEE06C /* ClipboardHistoryOrderingTests.swift in Sources */ = {isa = PBXBuildFile; fileRef = 37188E3A37F5209365942627 /* ClipboardHistoryOrderingTests.swift */; };
		DD530323EE7E979C16C4D0E7 /* KeyboardHandler.swift in Sources */ = {isa = PBXBuildFile; fileRef = 95AE5815135249FAE54B2ED7 /* KeyboardHandler.swift */; };
		E21C76E495564DDF60C69812 /* ClipboardSearchService.swift in Sources */ = {isa = PBXBuildFile; fileRef = C9EC894EA3D6E00B3F7BFC0D /* ClipboardSearchService.swift */; };
		E259C5EDF19DBBBB5C9D47FE /* EncryptionService.swift in Sources */ = {isa = PBXBuildFile; fileRef = A9898BACB32F1FF06A7AC63A /* EncryptionService.swift */; };
		E29AFC895BEC0197EC1BA03F /* ScriptRuleRunner.swift in Sources */ = {isa = PBXBuildFile; fileRef = 31F5AD8B01AAB764A3D7918E /* ScriptRuleRunner.swift */; };
		E474437EC2C557E8E321BAF9 /* ClipboardRule.swift in Sources */ = {isa = PBXBuildFile; fileRef = 779C6A53F17314930EC0CDE0 /* ClipboardRule.swift */; };
		EBCCB9C4F0656C50357D1A1A /* LaunchAtLoginService.swift in Sources */ = {isa = PBXBuildFile; fileRef = 6657C8C8DBDCBD9B379D7149 /* LaunchAtLoginService.swift */; };
		EE4ECB68ADB08157F167515F /* ClipboardPreferencesManager.swift in Sources */ = {isa = PBXBuildFile; fileRef = AB4B5B1C0DBE876D65B94E3A /* ClipboardPreferencesManager.swift */; };
		F0EB91DFED454EC18DA360AF /* ClipboardCaptureDispatcher.swift in Sources */ = {isa = PBXBuildFile; fileRef = 7192064648B62EE787B93DCD /* ClipboardCaptureDispatcher.swift */; };
		F118F8069A1980D38BD74646 /* ClipboardContentCodecTests.swift in Sources */ = {isa = PBXBuildFile; fileRef = 6B703AFA069642B4DBD9CC50 /* ClipboardContentCodecTests.swift */; };
		F30B5C551A169033B6092305 /* ClipboardRuleEngineTests.swift in Sources */ = {isa = PBXBuildFile; fileRef = EBD0376CCDC2284B6F2E8A24 /* ClipboardRuleEngineTests.swift */; };
		F3E00B77C81164D40AC1C052 /* PasteAdapterTests.swift in Sources */ = {isa = PBXBuildFile; fileRef = A85B4FF653EE0DEE3FC1280E /* PasteAdapterTests.swift */; };
		F595EE14C81EA369A6A1EDBD /* SemanticSearchService.swift in Sources */ = {isa = PBXBuildFile; fileRef = 44ABD69E32B5C5EF127B5407 /* SemanticSearchService.swift */; };
		F5C88F0BF3A5D904415EC253 /* LanguageManagerTests.swift in Sources */ = {isa = PBXBuildFile; fileRef = 87CB32EA483676DF7C285619 /* LanguageManagerTests.swift */; };
		F80C2A13671BC4344C5E64D3 /* Localizable.strings in Resources */ = {isa = PBXBuildFile; fileRef = 07064170A17B0669C2A27CCC /* Localizable.strings */; };
		F9D2E9C6854031E9CAB54BAB /* SettingsViewModelTests.swift in Sources */ = {isa = PBXBuildFile; fileRef = 6FA417052A3B3BAE64CD0B06 /* SettingsViewModelTests.swift */; };
		FE933369055BAB39A79CF70F /* SettingsViewModel.swift in Sources */ = {isa = PBXBuildFile; fileRef = 27B9D59DB3992E677C03355C /* SettingsViewModel.swift */; };
		FEFF5DAD1513FB754418BFF8 /* OCRService.swift in Sources */ = {isa = PBXBuildFile; fileRef = F71163F09B84AD34C9DDEB80 /* OCRService.swift */; };
		FF3643339190EF91B9C5CF2D /* ClipboardItemRow.swift in Sources */ = {isa = PBXBuildFile; fileRef = 79116B0D565F6928C0A3D78A /* ClipboardItemRow.swift */; };
/* End PBXBuildFile section */

/* Begin PBXContainerItemProxy section */
		BD4522B3B851F09AD0AAB7EF /* PBXContainerItemProxy */ = {
			isa = PBXContainerItemProxy;
			containerPortal = CBC54F6EFA0A4453437C77FD /* Project object */;
			proxyType = 1;
			remoteGlobalIDString = E792BBEFB1D81F49C3DAD71A;
			remoteInfo = ClipboardManager;
		};
/* End PBXContainerItemProxy section */

/* Begin PBXFileReference section */
		000A727FDBF490FB46728FE9 /* ImageCache.swift */ = {isa = PBXFileReference; lastKnownFileType = sourcecode.swift; path = ImageCache.swift; sourceTree = "<group>"; };
		03912F1FDB05177BF766A7E7 /* SnippetManager.swift */ = {isa = PBXFileReference; lastKnownFileType = sourcecode.swift; path = SnippetManager.swift; sourceTree = "<group>"; };
		04FF141BF7064ED421747FA9 /* HotKeyManager.swift */ = {isa = PBXFileReference; lastKnownFileType = sourcecode.swift; path = HotKeyManager.swift; sourceTree = "<group>"; };
		06328D03C4D2BC5623B6E524 /* SQLiteMigrationV3Tests.swift */ = {isa = PBXFileReference; lastKnownFileType = sourcecode.swift; path = SQLiteMigrationV3Tests.swift; sourceTree = "<group>"; };
		12BCBA943B88C10DE1125648 /* PanelSupport.swift */ = {isa = PBXFileReference; lastKnownFileType = sourcecode.swift; path = PanelSupport.swift; sourceTree = "<group>"; };
		1323206617D6AB4733B09AC3 /* PersistenceScheduler.swift */ = {isa = PBXFileReference; lastKnownFileType = sourcecode.swift; path = PersistenceScheduler.swift; sourceTree = "<group>"; };
		1499DD407A96F8F2E359EFCB /* SnippetVariableTests.swift */ = {isa = PBXFileReference; lastKnownFileType = sourcecode.swift; path = SnippetVariableTests.swift; sourceTree = "<group>"; };
		152FF354605C2E8B2728EC6E /* ClipboardEmbeddingPolicyTests.swift */ = {isa = PBXFileReference; lastKnownFileType = sourcecode.swift; path = ClipboardEmbeddingPolicyTests.swift; sourceTree = "<group>"; };
		172C6B1379A3A70A91305FAB /* ClipboardManagerTests.swift */ = {isa = PBXFileReference; lastKnownFileType = sourcecode.swift; path = ClipboardManagerTests.swift; sourceTree = "<group>"; };
		19E01FFC90253C111D52F866 /* ClipboardMonitor.swift */ = {isa = PBXFileReference; lastKnownFileType = sourcecode.swift; path = ClipboardMonitor.swift; sourceTree = "<group>"; };
		1BF3E85E82D4969387C5D2D7 /* ClipboardImageManager.swift */ = {isa = PBXFileReference; lastKnownFileType = sourcecode.swift; path = ClipboardImageManager.swift; sourceTree = "<group>"; };
		1C5AA56CE10ACDFA591D2710 /* StoreTests.swift */ = {isa = PBXFileReference; lastKnownFileType = sourcecode.swift; path = StoreTests.swift; sourceTree = "<group>"; };
		230174DE93CEF7772544115A /* TestMocks.swift */ = {isa = PBXFileReference; lastKnownFileType = sourcecode.swift; path = TestMocks.swift; sourceTree = "<group>"; };
		2309D4486F0BE680CED1B327 /* SQLiteHistoryStore.swift */ = {isa = PBXFileReference; lastKnownFileType = sourcecode.swift; path = SQLiteHistoryStore.swift; sourceTree = "<group>"; };
		268E36D796BD9205B0BE9FA2 /* libsqlite3.tbd */ = {isa = PBXFileReference; lastKnownFileType = "sourcecode.text-based-dylib-definition"; name = libsqlite3.tbd; path = usr/lib/libsqlite3.tbd; sourceTree = SDKROOT; };
		27B9D59DB3992E677C03355C /* SettingsViewModel.swift */ = {isa = PBXFileReference; lastKnownFileType = sourcecode.swift; path = SettingsViewModel.swift; sourceTree = "<group>"; };
		2A5A7B42D4192B3EECEC95A4 /* FuzzySearchTests.swift */ = {isa = PBXFileReference; lastKnownFileType = sourcecode.swift; path = FuzzySearchTests.swift; sourceTree = "<group>"; };
		2C254AA2DCFAA35373C187AF /* DiffEngine.swift */ = {isa = PBXFileReference; lastKnownFileType = sourcecode.swift; path = DiffEngine.swift; sourceTree = "<group>"; };
		3184343AAAA4F2D50435CE0F /* QuickPastePanel.swift */ = {isa = PBXFileReference; lastKnownFileType = sourcecode.swift; path = QuickPastePanel.swift; sourceTree = "<group>"; };
		31F5AD8B01AAB764A3D7918E /* ScriptRuleRunner.swift */ = {isa = PBXFileReference; lastKnownFileType = sourcecode.swift; path = ScriptRuleRunner.swift; sourceTree = "<group>"; };
		342A851D77B7541F1774001F /* SnippetExpansionMonitor.swift */ = {isa = PBXFileReference; lastKnownFileType = sourcecode.swift; path = SnippetExpansionMonitor.swift; sourceTree = "<group>"; };
		3697D7670FDEB600ACFEF42A /* ScriptRuleRunnerTests.swift */ = {isa = PBXFileReference; lastKnownFileType = sourcecode.swift; path = ScriptRuleRunnerTests.swift; sourceTree = "<group>"; };
		37188E3A37F5209365942627 /* ClipboardHistoryOrderingTests.swift */ = {isa = PBXFileReference; lastKnownFileType = sourcecode.swift; path = ClipboardHistoryOrderingTests.swift; sourceTree = "<group>"; };
		38F65AA8E42A7090A5502869 /* SettingsView.swift */ = {isa = PBXFileReference; lastKnownFileType = sourcecode.swift; path = SettingsView.swift; sourceTree = "<group>"; };
		39761A6D1C4FD1F3600CB8A4 /* Snippet.swift */ = {isa = PBXFileReference; lastKnownFileType = sourcecode.swift; path = Snippet.swift; sourceTree = "<group>"; };
		39D9A3B0F14D896FD1DEE344 /* MenuBarView.swift */ = {isa = PBXFileReference; lastKnownFileType = sourcecode.swift; path = MenuBarView.swift; sourceTree = "<group>"; };
		41C580B94E729233477BB007 /* SnippetVariableEngine.swift */ = {isa = PBXFileReference; lastKnownFileType = sourcecode.swift; path = SnippetVariableEngine.swift; sourceTree = "<group>"; };
		43B0938D08916B2468F38509 /* SnippetTests.swift */ = {isa = PBXFileReference; lastKnownFileType = sourcecode.swift; path = SnippetTests.swift; sourceTree = "<group>"; };
		447CAF5FC7E0516D6C4A5172 /* ClipboardRuleStore.swift */ = {isa = PBXFileReference; lastKnownFileType = sourcecode.swift; path = ClipboardRuleStore.swift; sourceTree = "<group>"; };
		44ABD69E32B5C5EF127B5407 /* SemanticSearchService.swift */ = {isa = PBXFileReference; lastKnownFileType = sourcecode.swift; path = SemanticSearchService.swift; sourceTree = "<group>"; };
		477C950CB1A59FED56479D1D /* WindowLayout.swift */ = {isa = PBXFileReference; lastKnownFileType = sourcecode.swift; path = WindowLayout.swift; sourceTree = "<group>"; };
		56D28337D6E603DFD75AC57A /* DataPortService.swift */ = {isa = PBXFileReference; lastKnownFileType = sourcecode.swift; path = DataPortService.swift; sourceTree = "<group>"; };
		59CB9C6B9B14309511CA2D9D /* PersistenceSchedulerTests.swift */ = {isa = PBXFileReference; lastKnownFileType = sourcecode.swift; path = PersistenceSchedulerTests.swift; sourceTree = "<group>"; };
		59FF42818B2F036ED7129552 /* Info.plist */ = {isa = PBXFileReference; lastKnownFileType = text.plist; path = Info.plist; sourceTree = "<group>"; };
		5AF13068BEED9C8AC6973639 /* zh-Hans */ = {isa = PBXFileReference; lastKnownFileType = text.plist.strings; name = "zh-Hans"; path = "zh-Hans.lproj/Localizable.strings"; sourceTree = "<group>"; };
		5E694A6C5FBAFEDEF4F610BE /* ClipboardItem.swift */ = {isa = PBXFileReference; lastKnownFileType = sourcecode.swift; path = ClipboardItem.swift; sourceTree = "<group>"; };
		5F61D6DDCC5DDF1081B5EE80 /* DiffViewerSheet.swift */ = {isa = PBXFileReference; lastKnownFileType = sourcecode.swift; path = DiffViewerSheet.swift; sourceTree = "<group>"; };
		6657C8C8DBDCBD9B379D7149 /* LaunchAtLoginService.swift */ = {isa = PBXFileReference; lastKnownFileType = sourcecode.swift; path = LaunchAtLoginService.swift; sourceTree = "<group>"; };
		6A45DED895AE27225471AE4E /* PasteQueue.swift */ = {isa = PBXFileReference; lastKnownFileType = sourcecode.swift; path = PasteQueue.swift; sourceTree = "<group>"; };
		6B703AFA069642B4DBD9CC50 /* ClipboardContentCodecTests.swift */ = {isa = PBXFileReference; lastKnownFileType = sourcecode.swift; path = ClipboardContentCodecTests.swift; sourceTree = "<group>"; };
		6D06F088491A788207C44A07 /* MenuBarAuxiliaryViews.swift */ = {isa = PBXFileReference; lastKnownFileType = sourcecode.swift; path = MenuBarAuxiliaryViews.swift; sourceTree = "<group>"; };
		6FA417052A3B3BAE64CD0B06 /* SettingsViewModelTests.swift */ = {isa = PBXFileReference; lastKnownFileType = sourcecode.swift; path = SettingsViewModelTests.swift; sourceTree = "<group>"; };
		7192064648B62EE787B93DCD /* ClipboardCaptureDispatcher.swift */ = {isa = PBXFileReference; lastKnownFileType = sourcecode.swift; path = ClipboardCaptureDispatcher.swift; sourceTree = "<group>"; };
		7273C06556893702478CF2AA /* SpotlightIndexService.swift */ = {isa = PBXFileReference; lastKnownFileType = sourcecode.swift; path = SpotlightIndexService.swift; sourceTree = "<group>"; };
		72A5F6C161E5CF63A2310829 /* CodeHighlighter.swift */ = {isa = PBXFileReference; lastKnownFileType = sourcecode.swift; path = CodeHighlighter.swift; sourceTree = "<group>"; };
		768F80D054CFBF222B212663 /* ClipboardPersistenceCoordinator.swift */ = {isa = PBXFileReference; lastKnownFileType = sourcecode.swift; path = ClipboardPersistenceCoordinator.swift; sourceTree = "<group>"; };
		779C6A53F17314930EC0CDE0 /* ClipboardRule.swift */ = {isa = PBXFileReference; lastKnownFileType = sourcecode.swift; path = ClipboardRule.swift; sourceTree = "<group>"; };
		79116B0D565F6928C0A3D78A /* ClipboardItemRow.swift */ = {isa = PBXFileReference; lastKnownFileType = sourcecode.swift; path = ClipboardItemRow.swift; sourceTree = "<group>"; };
		7A969AC59536A3220D437BBC /* ClipboardRuleEngine.swift */ = {isa = PBXFileReference; lastKnownFileType = sourcecode.swift; path = ClipboardRuleEngine.swift; sourceTree = "<group>"; };
		7B6EE5AE0EF73F03A0359B93 /* PasteQueueTests.swift */ = {isa = PBXFileReference; lastKnownFileType = sourcecode.swift; path = PasteQueueTests.swift; sourceTree = "<group>"; };
		7C3D107BF12717A1031532A3 /* ClipboardHistoryMaintenanceTests.swift */ = {isa = PBXFileReference; lastKnownFileType = sourcecode.swift; path = ClipboardHistoryMaintenanceTests.swift; sourceTree = "<group>"; };
		8407DC111EA64FC0BAA5523F /* StatusItemController.swift */ = {isa = PBXFileReference; lastKnownFileType = sourcecode.swift; path = StatusItemController.swift; sourceTree = "<group>"; };
		848997EA4F8596169C4D107F /* ClipboardHistoryMaintenance.swift */ = {isa = PBXFileReference; lastKnownFileType = sourcecode.swift; path = ClipboardHistoryMaintenance.swift; sourceTree = "<group>"; };
		84FA28D1357C06A3B714E407 /* AppIntents.framework */ = {isa = PBXFileReference; lastKnownFileType = wrapper.framework; name = AppIntents.framework; path = System/Library/Frameworks/AppIntents.framework; sourceTree = SDKROOT; };
		87CB32EA483676DF7C285619 /* LanguageManagerTests.swift */ = {isa = PBXFileReference; lastKnownFileType = sourcecode.swift; path = LanguageManagerTests.swift; sourceTree = "<group>"; };
		8A4E28790A2C98F12995503B /* AppPreferencesStore.swift */ = {isa = PBXFileReference; lastKnownFileType = sourcecode.swift; path = AppPreferencesStore.swift; sourceTree = "<group>"; };
		8D174071C073A73E188450B1 /* AppIcon.icns */ = {isa = PBXFileReference; lastKnownFileType = image.icns; path = AppIcon.icns; sourceTree = "<group>"; };
		8E8150A94E2DD95542B29769 /* CloudSyncService.swift */ = {isa = PBXFileReference; lastKnownFileType = sourcecode.swift; path = CloudSyncService.swift; sourceTree = "<group>"; };
		94E7F45F807CBA0518D2AF81 /* ClipboardHistoryQueries.swift */ = {isa = PBXFileReference; lastKnownFileType = sourcecode.swift; path = ClipboardHistoryQueries.swift; sourceTree = "<group>"; };
		9520F8E108CCCE35AC2F629A /* ClipboardHistoryStore.swift */ = {isa = PBXFileReference; lastKnownFileType = sourcecode.swift; path = ClipboardHistoryStore.swift; sourceTree = "<group>"; };
		95AE5815135249FAE54B2ED7 /* KeyboardHandler.swift */ = {isa = PBXFileReference; lastKnownFileType = sourcecode.swift; path = KeyboardHandler.swift; sourceTree = "<group>"; };
		9B0FBAF1ADB8010FD11990E3 /* AppIntents.swift */ = {isa = PBXFileReference; lastKnownFileType = sourcecode.swift; path = AppIntents.swift; sourceTree = "<group>"; };
		9B15B83BD512F804E66C6EFB /* ContentDetectorTests.swift */ = {isa = PBXFileReference; lastKnownFileType = sourcecode.swift; path = ContentDetectorTests.swift; sourceTree = "<group>"; };
		9FF92865505E0731F904DE36 /* ContentDetector.swift */ = {isa = PBXFileReference; lastKnownFileType = sourcecode.swift; path = ContentDetector.swift; sourceTree = "<group>"; };
		A760FD6C608AEAC33186041A /* ClipboardSyncCoordinator.swift */ = {isa = PBXFileReference; lastKnownFileType = sourcecode.swift; path = ClipboardSyncCoordinator.swift; sourceTree = "<group>"; };
		A7C721A7B3E284D02C07702C /* EncryptionServiceTests.swift */ = {isa = PBXFileReference; lastKnownFileType = sourcecode.swift; path = EncryptionServiceTests.swift; sourceTree = "<group>"; };
		A85B4FF653EE0DEE3FC1280E /* PasteAdapterTests.swift */ = {isa = PBXFileReference; lastKnownFileType = sourcecode.swift; path = PasteAdapterTests.swift; sourceTree = "<group>"; };
		A9898BACB32F1FF06A7AC63A /* EncryptionService.swift */ = {isa = PBXFileReference; lastKnownFileType = sourcecode.swift; path = EncryptionService.swift; sourceTree = "<group>"; };
		AB4B5B1C0DBE876D65B94E3A /* ClipboardPreferencesManager.swift */ = {isa = PBXFileReference; lastKnownFileType = sourcecode.swift; path = ClipboardPreferencesManager.swift; sourceTree = "<group>"; };
		ACF10FB1639F279297B434B8 /* LanguageManager.swift */ = {isa = PBXFileReference; lastKnownFileType = sourcecode.swift; path = LanguageManager.swift; sourceTree = "<group>"; };
		ACFDBBB7498E1190AE9432BB /* TextTransformAdvancedTests.swift */ = {isa = PBXFileReference; lastKnownFileType = sourcecode.swift; path = TextTransformAdvancedTests.swift; sourceTree = "<group>"; };
		ADEEB9FA70B55B6E7B4D0A55 /* main.swift */ = {isa = PBXFileReference; lastKnownFileType = sourcecode.swift; path = main.swift; sourceTree = "<group>"; };
		AEF78C4A12805F0978905BE5 /* FuzzySearch.swift */ = {isa = PBXFileReference; lastKnownFileType = sourcecode.swift; path = FuzzySearch.swift; sourceTree = "<group>"; };
		AF108DF5A09B6EE3E766E702 /* ClipboardPasteboardWriter.swift */ = {isa = PBXFileReference; lastKnownFileType = sourcecode.swift; path = ClipboardPasteboardWriter.swift; sourceTree = "<group>"; };
		B87F747A3CD728A129E601F0 /* TextTransformTests.swift */ = {isa = PBXFileReference; lastKnownFileType = sourcecode.swift; path = TextTransformTests.swift; sourceTree = "<group>"; };
		B922FC609C294607F051E6CA /* PasteAdapter.swift */ = {isa = PBXFileReference; lastKnownFileType = sourcecode.swift; path = PasteAdapter.swift; sourceTree = "<group>"; };
		BABE335C2A565C6A9B5C70B1 /* ClipboardHistoryOrdering.swift */ = {isa = PBXFileReference; lastKnownFileType = sourcecode.swift; path = ClipboardHistoryOrdering.swift; sourceTree = "<group>"; };
		BC62F58D845CFD3A951C5F9F /* SQLiteHistoryStoreTests.swift */ = {isa = PBXFileReference; lastKnownFileType = sourcecode.swift; path = SQLiteHistoryStoreTests.swift; sourceTree = "<group>"; };
		BC83AAA290D21130A7A71ECE /* ClipboardContentCodec.swift */ = {isa = PBXFileReference; lastKnownFileType = sourcecode.swift; path = ClipboardContentCodec.swift; sourceTree = "<group>"; };
		BD657C0B0ADB04F51279289B /* en */ = {isa = PBXFileReference; lastKnownFileType = text.plist.strings; name = en; path = en.lproj/Localizable.strings; sourceTree = "<group>"; };
		C03CECD72D52DC8270A49591 /* ClipboardManager.app */ = {isa = PBXFileReference; explicitFileType = wrapper.application; includeInIndex = 0; path = ClipboardManager.app; sourceTree = BUILT_PRODUCTS_DIR; };
		C26D8078CA3A7C3731530B98 /* JavaScriptCore.framework */ = {isa = PBXFileReference; lastKnownFileType = wrapper.framework; name = JavaScriptCore.framework; path = System/Library/Frameworks/JavaScriptCore.framework; sourceTree = SDKROOT; };
		C57B507A0D74B68B7C609F62 /* ClipboardManager.entitlements */ = {isa = PBXFileReference; lastKnownFileType = text.plist.entitlements; path = ClipboardManager.entitlements; sourceTree = "<group>"; };
		C96FEE7DCE2AF7046A440A40 /* ClipboardMonitorTests.swift */ = {isa = PBXFileReference; lastKnownFileType = sourcecode.swift; path = ClipboardMonitorTests.swift; sourceTree = "<group>"; };
		C9EC894EA3D6E00B3F7BFC0D /* ClipboardSearchService.swift */ = {isa = PBXFileReference; lastKnownFileType = sourcecode.swift; path = ClipboardSearchService.swift; sourceTree = "<group>"; };
		CB68000639C306797C61F508 /* SnippetsView.swift */ = {isa = PBXFileReference; lastKnownFileType = sourcecode.swift; path = SnippetsView.swift; sourceTree = "<group>"; };
		D1A61FA3661EF09CD4811E15 /* SnippetStore.swift */ = {isa = PBXFileReference; lastKnownFileType = sourcecode.swift; path = SnippetStore.swift; sourceTree = "<group>"; };
		D26A53D32C54386A28F1420E /* RulesSettingsView.swift */ = {isa = PBXFileReference; lastKnownFileType = sourcecode.swift; path = RulesSettingsView.swift; sourceTree = "<group>"; };
		D73D72E038583E3C71DD8686 /* RuleStoreImportExportTests.swift */ = {isa = PBXFileReference; lastKnownFileType = sourcecode.swift; path = RuleStoreImportExportTests.swift; sourceTree = "<group>"; };
		D76A53C6DE601CFFFD49BB18 /* TextTransform.swift */ = {isa = PBXFileReference; lastKnownFileType = sourcecode.swift; path = TextTransform.swift; sourceTree = "<group>"; };
		DC5C997F664202D06B31D951 /* ClipboardHistoryIndex.swift */ = {isa = PBXFileReference; lastKnownFileType = sourcecode.swift; path = ClipboardHistoryIndex.swift; sourceTree = "<group>"; };
		DDC2E86D9D60C316ED3CD129 /* ClipboardEmbeddingPolicy.swift */ = {isa = PBXFileReference; lastKnownFileType = sourcecode.swift; path = ClipboardEmbeddingPolicy.swift; sourceTree = "<group>"; };
		DE63CC31F63EA36D329B3F72 /* PerformanceBenchmarkTests.swift */ = {isa = PBXFileReference; lastKnownFileType = sourcecode.swift; path = PerformanceBenchmarkTests.swift; sourceTree = "<group>"; };
		E092C52BB09E97BC6BE89E61 /* ClipboardHistoryQueriesTests.swift */ = {isa = PBXFileReference; lastKnownFileType = sourcecode.swift; path = ClipboardHistoryQueriesTests.swift; sourceTree = "<group>"; };
		E15FBE8F43B0E476798C4552 /* HistoryStoreBackupTests.swift */ = {isa = PBXFileReference; lastKnownFileType = sourcecode.swift; path = HistoryStoreBackupTests.swift; sourceTree = "<group>"; };
		E16E71FB253317E1683E7112 /* ClipboardIngestPipeline.swift */ = {isa = PBXFileReference; lastKnownFileType = sourcecode.swift; path = ClipboardIngestPipeline.swift; sourceTree = "<group>"; };
		E82E016F2F3C52F9888966DB /* ClipboardManager.swift */ = {isa = PBXFileReference; lastKnownFileType = sourcecode.swift; path = ClipboardManager.swift; sourceTree = "<group>"; };
		EBD0376CCDC2284B6F2E8A24 /* ClipboardRuleEngineTests.swift */ = {isa = PBXFileReference; lastKnownFileType = sourcecode.swift; path = ClipboardRuleEngineTests.swift; sourceTree = "<group>"; };
		EE2C841282084C9D3530AB9F /* ClipboardOCRQueue.swift */ = {isa = PBXFileReference; lastKnownFileType = sourcecode.swift; path = ClipboardOCRQueue.swift; sourceTree = "<group>"; };
		F10F59BA1E3DA629A587A70D /* HotKeyStore.swift */ = {isa = PBXFileReference; lastKnownFileType = sourcecode.swift; path = HotKeyStore.swift; sourceTree = "<group>"; };
		F2DE63A90A786E2A804DAF03 /* ClipboardManagerTests.xctest */ = {isa = PBXFileReference; explicitFileType = wrapper.cfbundle; includeInIndex = 0; path = ClipboardManagerTests.xctest; sourceTree = BUILT_PRODUCTS_DIR; };
		F3CA9E58E9A4A45ECBB7D9E0 /* BiometricAuthService.swift */ = {isa = PBXFileReference; lastKnownFileType = sourcecode.swift; path = BiometricAuthService.swift; sourceTree = "<group>"; };
		F62F2B559A6E2578EFCB2C6D /* OnboardingView.swift */ = {isa = PBXFileReference; lastKnownFileType = sourcecode.swift; path = OnboardingView.swift; sourceTree = "<group>"; };
		F71163F09B84AD34C9DDEB80 /* OCRService.swift */ = {isa = PBXFileReference; lastKnownFileType = sourcecode.swift; path = OCRService.swift; sourceTree = "<group>"; };
		FC6065CBDD5CBA8421C10926 /* ClipboardImageStore.swift */ = {isa = PBXFileReference; lastKnownFileType = sourcecode.swift; path = ClipboardImageStore.swift; sourceTree = "<group>"; };
/* End PBXFileReference section */

/* Begin PBXFrameworksBuildPhase section */
		67B894CD889CC1AF48560883 /* Frameworks */ = {
			isa = PBXFrameworksBuildPhase;
			buildActionMask = 2147483647;
			files = (
				CCB9910D55CBDFC6648BA3DF /* JavaScriptCore.framework in Frameworks */,
				A00F5D6A0D78B2AA6E4D7249 /* libsqlite3.tbd in Frameworks */,
				9CEAE74692FCD373BC2BBB17 /* AppIntents.framework in Frameworks */,
			);
			runOnlyForDeploymentPostprocessing = 0;
		};
/* End PBXFrameworksBuildPhase section */

/* Begin PBXGroup section */
		0D4993B0AFDD575E73F35B44 /* Sources */ = {
			isa = PBXGroup;
			children = (
				8D174071C073A73E188450B1 /* AppIcon.icns */,
				9B0FBAF1ADB8010FD11990E3 /* AppIntents.swift */,
				8A4E28790A2C98F12995503B /* AppPreferencesStore.swift */,
				F3CA9E58E9A4A45ECBB7D9E0 /* BiometricAuthService.swift */,
				7192064648B62EE787B93DCD /* ClipboardCaptureDispatcher.swift */,
				BC83AAA290D21130A7A71ECE /* ClipboardContentCodec.swift */,
				DDC2E86D9D60C316ED3CD129 /* ClipboardEmbeddingPolicy.swift */,
				DC5C997F664202D06B31D951 /* ClipboardHistoryIndex.swift */,
				848997EA4F8596169C4D107F /* ClipboardHistoryMaintenance.swift */,
				BABE335C2A565C6A9B5C70B1 /* ClipboardHistoryOrdering.swift */,
				94E7F45F807CBA0518D2AF81 /* ClipboardHistoryQueries.swift */,
				9520F8E108CCCE35AC2F629A /* ClipboardHistoryStore.swift */,
				1BF3E85E82D4969387C5D2D7 /* ClipboardImageManager.swift */,
				FC6065CBDD5CBA8421C10926 /* ClipboardImageStore.swift */,
				E16E71FB253317E1683E7112 /* ClipboardIngestPipeline.swift */,
				5E694A6C5FBAFEDEF4F610BE /* ClipboardItem.swift */,
				79116B0D565F6928C0A3D78A /* ClipboardItemRow.swift */,
				C57B507A0D74B68B7C609F62 /* ClipboardManager.entitlements */,
				E82E016F2F3C52F9888966DB /* ClipboardManager.swift */,
				19E01FFC90253C111D52F866 /* ClipboardMonitor.swift */,
				EE2C841282084C9D3530AB9F /* ClipboardOCRQueue.swift */,
				AF108DF5A09B6EE3E766E702 /* ClipboardPasteboardWriter.swift */,
				768F80D054CFBF222B212663 /* ClipboardPersistenceCoordinator.swift */,
				AB4B5B1C0DBE876D65B94E3A /* ClipboardPreferencesManager.swift */,
				779C6A53F17314930EC0CDE0 /* ClipboardRule.swift */,
				7A969AC59536A3220D437BBC /* ClipboardRuleEngine.swift */,
				447CAF5FC7E0516D6C4A5172 /* ClipboardRuleStore.swift */,
				C9EC894EA3D6E00B3F7BFC0D /* ClipboardSearchService.swift */,
				A760FD6C608AEAC33186041A /* ClipboardSyncCoordinator.swift */,
				8E8150A94E2DD95542B29769 /* CloudSyncService.swift */,
				72A5F6C161E5CF63A2310829 /* CodeHighlighter.swift */,
				9FF92865505E0731F904DE36 /* ContentDetector.swift */,
				56D28337D6E603DFD75AC57A /* DataPortService.swift */,
				2C254AA2DCFAA35373C187AF /* DiffEngine.swift */,
				5F61D6DDCC5DDF1081B5EE80 /* DiffViewerSheet.swift */,
				A9898BACB32F1FF06A7AC63A /* EncryptionService.swift */,
				AEF78C4A12805F0978905BE5 /* FuzzySearch.swift */,
				04FF141BF7064ED421747FA9 /* HotKeyManager.swift */,
				F10F59BA1E3DA629A587A70D /* HotKeyStore.swift */,
				000A727FDBF490FB46728FE9 /* ImageCache.swift */,
				59FF42818B2F036ED7129552 /* Info.plist */,
				95AE5815135249FAE54B2ED7 /* KeyboardHandler.swift */,
				ACF10FB1639F279297B434B8 /* LanguageManager.swift */,
				6657C8C8DBDCBD9B379D7149 /* LaunchAtLoginService.swift */,
				07064170A17B0669C2A27CCC /* Localizable.strings */,
				ADEEB9FA70B55B6E7B4D0A55 /* main.swift */,
				6D06F088491A788207C44A07 /* MenuBarAuxiliaryViews.swift */,
				39D9A3B0F14D896FD1DEE344 /* MenuBarView.swift */,
				F71163F09B84AD34C9DDEB80 /* OCRService.swift */,
				F62F2B559A6E2578EFCB2C6D /* OnboardingView.swift */,
				12BCBA943B88C10DE1125648 /* PanelSupport.swift */,
				B922FC609C294607F051E6CA /* PasteAdapter.swift */,
				6A45DED895AE27225471AE4E /* PasteQueue.swift */,
				1323206617D6AB4733B09AC3 /* PersistenceScheduler.swift */,
				3184343AAAA4F2D50435CE0F /* QuickPastePanel.swift */,
				D26A53D32C54386A28F1420E /* RulesSettingsView.swift */,
				31F5AD8B01AAB764A3D7918E /* ScriptRuleRunner.swift */,
				44ABD69E32B5C5EF127B5407 /* SemanticSearchService.swift */,
				38F65AA8E42A7090A5502869 /* SettingsView.swift */,
				27B9D59DB3992E677C03355C /* SettingsViewModel.swift */,
				39761A6D1C4FD1F3600CB8A4 /* Snippet.swift */,
				342A851D77B7541F1774001F /* SnippetExpansionMonitor.swift */,
				03912F1FDB05177BF766A7E7 /* SnippetManager.swift */,
				D1A61FA3661EF09CD4811E15 /* SnippetStore.swift */,
				CB68000639C306797C61F508 /* SnippetsView.swift */,
				41C580B94E729233477BB007 /* SnippetVariableEngine.swift */,
				7273C06556893702478CF2AA /* SpotlightIndexService.swift */,
				2309D4486F0BE680CED1B327 /* SQLiteHistoryStore.swift */,
				8407DC111EA64FC0BAA5523F /* StatusItemController.swift */,
				D76A53C6DE601CFFFD49BB18 /* TextTransform.swift */,
				477C950CB1A59FED56479D1D /* WindowLayout.swift */,
			);
			path = Sources;
			sourceTree = "<group>";
		};
		10B01EF04AA2275D46EEBB4B /* Products */ = {
			isa = PBXGroup;
			children = (
				C03CECD72D52DC8270A49591 /* ClipboardManager.app */,
				F2DE63A90A786E2A804DAF03 /* ClipboardManagerTests.xctest */,
			);
			name = Products;
			sourceTree = "<group>";
		};
		26CCF5FC5133228F96114CB0 /* Mocks */ = {
			isa = PBXGroup;
			children = (
				230174DE93CEF7772544115A /* TestMocks.swift */,
			);
			path = Mocks;
			sourceTree = "<group>";
		};
		8D347D721165682FE77CF542 = {
			isa = PBXGroup;
			children = (
				0D4993B0AFDD575E73F35B44 /* Sources */,
				F76ACCCB716F1F4F9B589FC4 /* Tests */,
				96C6A6DE7570402A05815CEC /* Frameworks */,
				10B01EF04AA2275D46EEBB4B /* Products */,
			);
			sourceTree = "<group>";
		};
		96C6A6DE7570402A05815CEC /* Frameworks */ = {
			isa = PBXGroup;
			children = (
				84FA28D1357C06A3B714E407 /* AppIntents.framework */,
				C26D8078CA3A7C3731530B98 /* JavaScriptCore.framework */,
				268E36D796BD9205B0BE9FA2 /* libsqlite3.tbd */,
			);
			name = Frameworks;
			sourceTree = "<group>";
		};
		F76ACCCB716F1F4F9B589FC4 /* Tests */ = {
			isa = PBXGroup;
			children = (
				6B703AFA069642B4DBD9CC50 /* ClipboardContentCodecTests.swift */,
				152FF354605C2E8B2728EC6E /* ClipboardEmbeddingPolicyTests.swift */,
				7C3D107BF12717A1031532A3 /* ClipboardHistoryMaintenanceTests.swift */,
				37188E3A37F5209365942627 /* ClipboardHistoryOrderingTests.swift */,
				E092C52BB09E97BC6BE89E61 /* ClipboardHistoryQueriesTests.swift */,
				172C6B1379A3A70A91305FAB /* ClipboardManagerTests.swift */,
				C96FEE7DCE2AF7046A440A40 /* ClipboardMonitorTests.swift */,
				EBD0376CCDC2284B6F2E8A24 /* ClipboardRuleEngineTests.swift */,
				9B15B83BD512F804E66C6EFB /* ContentDetectorTests.swift */,
				A7C721A7B3E284D02C07702C /* EncryptionServiceTests.swift */,
				2A5A7B42D4192B3EECEC95A4 /* FuzzySearchTests.swift */,
				E15FBE8F43B0E476798C4552 /* HistoryStoreBackupTests.swift */,
				87CB32EA483676DF7C285619 /* LanguageManagerTests.swift */,
				A85B4FF653EE0DEE3FC1280E /* PasteAdapterTests.swift */,
				7B6EE5AE0EF73F03A0359B93 /* PasteQueueTests.swift */,
				DE63CC31F63EA36D329B3F72 /* PerformanceBenchmarkTests.swift */,
				59CB9C6B9B14309511CA2D9D /* PersistenceSchedulerTests.swift */,
				D73D72E038583E3C71DD8686 /* RuleStoreImportExportTests.swift */,
				3697D7670FDEB600ACFEF42A /* ScriptRuleRunnerTests.swift */,
				6FA417052A3B3BAE64CD0B06 /* SettingsViewModelTests.swift */,
				43B0938D08916B2468F38509 /* SnippetTests.swift */,
				1499DD407A96F8F2E359EFCB /* SnippetVariableTests.swift */,
				BC62F58D845CFD3A951C5F9F /* SQLiteHistoryStoreTests.swift */,
				06328D03C4D2BC5623B6E524 /* SQLiteMigrationV3Tests.swift */,
				1C5AA56CE10ACDFA591D2710 /* StoreTests.swift */,
				ACFDBBB7498E1190AE9432BB /* TextTransformAdvancedTests.swift */,
				B87F747A3CD728A129E601F0 /* TextTransformTests.swift */,
				26CCF5FC5133228F96114CB0 /* Mocks */,
			);
			path = Tests;
			sourceTree = "<group>";
		};
/* End PBXGroup section */

/* Begin PBXNativeTarget section */
		58FFD18728D6B10D3B88093D /* ClipboardManagerTests */ = {
			isa = PBXNativeTarget;
			buildConfigurationList = 12AFB93A9B07278A2C1A3DEE /* Build configuration list for PBXNativeTarget "ClipboardManagerTests" */;
			buildPhases = (
				0DEFEE909C541A5EA90F22C8 /* Sources */,
			);
			buildRules = (
			);
			dependencies = (
				1E826C3661F566DDF74C643C /* PBXTargetDependency */,
			);
			name = ClipboardManagerTests;
			packageProductDependencies = (
			);
			productName = ClipboardManagerTests;
			productReference = F2DE63A90A786E2A804DAF03 /* ClipboardManagerTests.xctest */;
			productType = "com.apple.product-type.bundle.unit-test";
		};
		E792BBEFB1D81F49C3DAD71A /* ClipboardManager */ = {
			isa = PBXNativeTarget;
			buildConfigurationList = C4C1BA60FC49DFD290414835 /* Build configuration list for PBXNativeTarget "ClipboardManager" */;
			buildPhases = (
				2C471764AE30187282906617 /* Sources */,
				037925BF8BF3E3975A42E064 /* Resources */,
				67B894CD889CC1AF48560883 /* Frameworks */,
			);
			buildRules = (
			);
			dependencies = (
			);
			name = ClipboardManager;
			packageProductDependencies = (
			);
			productName = ClipboardManager;
			productReference = C03CECD72D52DC8270A49591 /* ClipboardManager.app */;
			productType = "com.apple.product-type.application";
		};
/* End PBXNativeTarget section */

/* Begin PBXProject section */
		CBC54F6EFA0A4453437C77FD /* Project object */ = {
			isa = PBXProject;
			attributes = {
				BuildIndependentTargetsInParallel = YES;
				LastUpgradeCheck = 1500;
				TargetAttributes = {
					E792BBEFB1D81F49C3DAD71A = {
						ProvisioningStyle = Automatic;
					};
				};
			};
			buildConfigurationList = 5A91224300EDB9050FF8B28A /* Build configuration list for PBXProject "ClipboardManager" */;
			compatibilityVersion = "Xcode 14.0";
			developmentRegion = en;
			hasScannedForEncodings = 0;
			knownRegions = (
				Base,
				en,
				"zh-Hans",
			);
			mainGroup = 8D347D721165682FE77CF542;
			minimizedProjectReferenceProxies = 1;
			preferredProjectObjectVersion = 77;
			projectDirPath = "";
			projectRoot = "";
			targets = (
				E792BBEFB1D81F49C3DAD71A /* ClipboardManager */,
				58FFD18728D6B10D3B88093D /* ClipboardManagerTests */,
			);
		};
/* End PBXProject section */

/* Begin PBXResourcesBuildPhase section */
		037925BF8BF3E3975A42E064 /* Resources */ = {
			isa = PBXResourcesBuildPhase;
			buildActionMask = 2147483647;
			files = (
				544AD7E73497224FBF1A3F31 /* AppIcon.icns in Resources */,
				F80C2A13671BC4344C5E64D3 /* Localizable.strings in Resources */,
			);
			runOnlyForDeploymentPostprocessing = 0;
		};
/* End PBXResourcesBuildPhase section */

/* Begin PBXSourcesBuildPhase section */
		0DEFEE909C541A5EA90F22C8 /* Sources */ = {
			isa = PBXSourcesBuildPhase;
			buildActionMask = 2147483647;
			files = (
				F118F8069A1980D38BD74646 /* ClipboardContentCodecTests.swift in Sources */,
				0CF06B28F29AF67E796FBE96 /* ClipboardEmbeddingPolicyTests.swift in Sources */,
				40A84CBD89AA99A31D2598F0 /* ClipboardHistoryMaintenanceTests.swift in Sources */,
				DC59EBB633AB829110FEE06C /* ClipboardHistoryOrderingTests.swift in Sources */,
				8C296997DBBB336E54E0CEF0 /* ClipboardHistoryQueriesTests.swift in Sources */,
				D7403FD24AD0354D4544032C /* ClipboardManagerTests.swift in Sources */,
				7ACC414BBCD0CBEF4C31A9B2 /* ClipboardMonitorTests.swift in Sources */,
				F30B5C551A169033B6092305 /* ClipboardRuleEngineTests.swift in Sources */,
				3CDA8831499B4CB6E2E1AEDB /* ContentDetectorTests.swift in Sources */,
				328E23E01C84B190ED6C07D7 /* EncryptionServiceTests.swift in Sources */,
				09FD826963D258CF2BFC1F01 /* FuzzySearchTests.swift in Sources */,
				D063EA40FB8504CE88F52216 /* HistoryStoreBackupTests.swift in Sources */,
				F5C88F0BF3A5D904415EC253 /* LanguageManagerTests.swift in Sources */,
				F3E00B77C81164D40AC1C052 /* PasteAdapterTests.swift in Sources */,
				8EC0715983E61A09D18FF6AB /* PasteQueueTests.swift in Sources */,
				ABCAEA37C2F6434707D8A9F3 /* PerformanceBenchmarkTests.swift in Sources */,
				AC0A998D14D8CBBE16288841 /* PersistenceSchedulerTests.swift in Sources */,
				601A2E63117196683FAA8F0F /* RuleStoreImportExportTests.swift in Sources */,
				B0AD3EA4C97D063A8BB3CFB9 /* SQLiteHistoryStoreTests.swift in Sources */,
				78F3FF7F4D5E0299CD06DE00 /* SQLiteMigrationV3Tests.swift in Sources */,
				2490867290AE925602143833 /* ScriptRuleRunnerTests.swift in Sources */,
				F9D2E9C6854031E9CAB54BAB /* SettingsViewModelTests.swift in Sources */,
				BDF4B02DAFA2A63D3DEA450D /* SnippetTests.swift in Sources */,
				0AE7023C8BEC16F29623BCC3 /* SnippetVariableTests.swift in Sources */,
				351FEAE975768D471A8D65FD /* StoreTests.swift in Sources */,
				26F1DA5EB6261A36480317CA /* TestMocks.swift in Sources */,
				56D218EE7AA43304EB252DDC /* TextTransformAdvancedTests.swift in Sources */,
				346B807CDC8A8B85370F69B6 /* TextTransformTests.swift in Sources */,
			);
			runOnlyForDeploymentPostprocessing = 0;
		};
		2C471764AE30187282906617 /* Sources */ = {
			isa = PBXSourcesBuildPhase;
			buildActionMask = 2147483647;
			files = (
				9BC33CBD5771B0704EAFA443 /* AppIntents.swift in Sources */,
				022631D5F70E95C24CE603AC /* AppPreferencesStore.swift in Sources */,
				22C2087332D9F78DCF031B20 /* BiometricAuthService.swift in Sources */,
				F0EB91DFED454EC18DA360AF /* ClipboardCaptureDispatcher.swift in Sources */,
				42E945D7E00CB63F30327075 /* ClipboardContentCodec.swift in Sources */,
				9A65EDB18725F2FDFF2004FB /* ClipboardEmbeddingPolicy.swift in Sources */,
				4A76A56E552C12B6969FB262 /* ClipboardHistoryIndex.swift in Sources */,
				1DF817D28FA826A77FC2B250 /* ClipboardHistoryMaintenance.swift in Sources */,
				4DF8535331AB44A6BFC5D6F8 /* ClipboardHistoryOrdering.swift in Sources */,
				234A84DACAD8D480AB894A79 /* ClipboardHistoryQueries.swift in Sources */,
				53977467ADFF8F96055084A7 /* ClipboardHistoryStore.swift in Sources */,
				B2E7698D832ACEAE89BCD3C8 /* ClipboardImageManager.swift in Sources */,
				43E1A53E735048817A8036F8 /* ClipboardImageStore.swift in Sources */,
				97328E02C590B0F741C92F15 /* ClipboardIngestPipeline.swift in Sources */,
				B836C919AC9109A297409D14 /* ClipboardItem.swift in Sources */,
				FF3643339190EF91B9C5CF2D /* ClipboardItemRow.swift in Sources */,
				4531C03FF0B3D6CE2CC01778 /* ClipboardManager.swift in Sources */,
				48297C544C11EF18BB80A3A2 /* ClipboardMonitor.swift in Sources */,
				8EA8BCB8F4B9648A1A5DF08F /* ClipboardOCRQueue.swift in Sources */,
				7AF98B401DB5CF932FF4907C /* ClipboardPasteboardWriter.swift in Sources */,
				0DBA0890DFB0E9DA924DCAC6 /* ClipboardPersistenceCoordinator.swift in Sources */,
				EE4ECB68ADB08157F167515F /* ClipboardPreferencesManager.swift in Sources */,
				E474437EC2C557E8E321BAF9 /* ClipboardRule.swift in Sources */,
				2648A84E27A7407107EA29A3 /* ClipboardRuleEngine.swift in Sources */,
				5AE60781670144662116C6C6 /* ClipboardRuleStore.swift in Sources */,
				E21C76E495564DDF60C69812 /* ClipboardSearchService.swift in Sources */,
				73F6E76202851FEBA68BFF7E /* ClipboardSyncCoordinator.swift in Sources */,
				1962533D28E7134DC60E8A4C /* CloudSyncService.swift in Sources */,
				3F94624F3E3D468815E9CA41 /* CodeHighlighter.swift in Sources */,
				0C120C623B6FD6EAA3FF14D8 /* ContentDetector.swift in Sources */,
				13B78619CD9FAC340F81BD30 /* DataPortService.swift in Sources */,
				89C68161D8AC69A22788DAE5 /* DiffEngine.swift in Sources */,
				CEF56B20FCD31D03DA9091BC /* DiffViewerSheet.swift in Sources */,
				E259C5EDF19DBBBB5C9D47FE /* EncryptionService.swift in Sources */,
				8640A539E8041BD77A614EB4 /* FuzzySearch.swift in Sources */,
				85719C7CF54EFEEBDF0F0D13 /* HotKeyManager.swift in Sources */,
				9B0C41EAB37653959253937E /* HotKeyStore.swift in Sources */,
				02579E74F559193DF9CA9C2F /* ImageCache.swift in Sources */,
				DD530323EE7E979C16C4D0E7 /* KeyboardHandler.swift in Sources */,
				9894C05FE9EB12CE206B8AC7 /* LanguageManager.swift in Sources */,
				EBCCB9C4F0656C50357D1A1A /* LaunchAtLoginService.swift in Sources */,
				26026E1F012CEFA3F9070651 /* MenuBarAuxiliaryViews.swift in Sources */,
				6FBC2D5C9F82C321362DBB50 /* MenuBarView.swift in Sources */,
				FEFF5DAD1513FB754418BFF8 /* OCRService.swift in Sources */,
				5504A6AB321EE3A300D51BCE /* OnboardingView.swift in Sources */,
				7F5C0FA4959D4EB98D8B6ECE /* PanelSupport.swift in Sources */,
				C6E5293B7CD5D7C9B10A0C6E /* PasteAdapter.swift in Sources */,
				01FD9EB5711544C75AF0F2E5 /* PasteQueue.swift in Sources */,
				A9155A6DBA339C1B89273896 /* PersistenceScheduler.swift in Sources */,
				B03F4403D832618652B12813 /* QuickPastePanel.swift in Sources */,
				B33BB60AEC83D8E499E78CFA /* RulesSettingsView.swift in Sources */,
				2D575C0AF179223064D0FFBB /* SQLiteHistoryStore.swift in Sources */,
				E29AFC895BEC0197EC1BA03F /* ScriptRuleRunner.swift in Sources */,
				F595EE14C81EA369A6A1EDBD /* SemanticSearchService.swift in Sources */,
				1DDF233325BACCE834C6DE70 /* SettingsView.swift in Sources */,
				FE933369055BAB39A79CF70F /* SettingsViewModel.swift in Sources */,
				1269058D839BF896E927B1FB /* Snippet.swift in Sources */,
				5C161F7A026A357FF5BF9938 /* SnippetExpansionMonitor.swift in Sources */,
				52E8AEF82D31C2DD5C1A0BB5 /* SnippetManager.swift in Sources */,
				9A252AF27BFBBBACD4B400CA /* SnippetStore.swift in Sources */,
				0B851F648A197600FB143D15 /* SnippetVariableEngine.swift in Sources */,
				96CEB6D87A028F0EFEE9F71A /* SnippetsView.swift in Sources */,
				D46BEB621B3BB42EE61819F1 /* SpotlightIndexService.swift in Sources */,
				CF4F5EB1B7715A5674870A48 /* StatusItemController.swift in Sources */,
				7E9E08761595299EFAA64D52 /* TextTransform.swift in Sources */,
				73448B4FA3AC4C4125EEE0C5 /* WindowLayout.swift in Sources */,
				210AD778DE4A850D4E81D0B5 /* main.swift in Sources */,
			);
			runOnlyForDeploymentPostprocessing = 0;
		};
/* End PBXSourcesBuildPhase section */

/* Begin PBXTargetDependency section */
		1E826C3661F566DDF74C643C /* PBXTargetDependency */ = {
			isa = PBXTargetDependency;
			target = E792BBEFB1D81F49C3DAD71A /* ClipboardManager */;
			targetProxy = BD4522B3B851F09AD0AAB7EF /* PBXContainerItemProxy */;
		};
/* End PBXTargetDependency section */

/* Begin PBXVariantGroup section */
		07064170A17B0669C2A27CCC /* Localizable.strings */ = {
			isa = PBXVariantGroup;
			children = (
				BD657C0B0ADB04F51279289B /* en */,
				5AF13068BEED9C8AC6973639 /* zh-Hans */,
			);
			name = Localizable.strings;
			sourceTree = "<group>";
		};
/* End PBXVariantGroup section */

/* Begin XCBuildConfiguration section */
		65E52D40A25658BE5B8DE862 /* Debug */ = {
			isa = XCBuildConfiguration;
			buildSettings = {
				ASSETCATALOG_COMPILER_APPICON_NAME = AppIcon;
				CODE_SIGN_ENTITLEMENTS = Sources/ClipboardManager.entitlements;
				CODE_SIGN_IDENTITY = "-";
				CODE_SIGN_STYLE = Automatic;
				COMBINE_HIDPI_IMAGES = YES;
				CURRENT_PROJECT_VERSION = 1;
				ENABLE_HARDENED_RUNTIME = YES;
				INFOPLIST_FILE = Sources/Info.plist;
				LD_RUNPATH_SEARCH_PATHS = (
					"$(inherited)",
					"@executable_path/../Frameworks",
				);
				MACOSX_DEPLOYMENT_TARGET = 13.0;
				MARKETING_VERSION = 1.0.0;
				PRODUCT_BUNDLE_IDENTIFIER = com.nicebro.ClipboardManager;
				SDKROOT = macosx;
				SWIFT_VERSION = 5.9;
			};
			name = Debug;
		};
		71852FC0F8DBAA7F4FFC2BA2 /* Debug */ = {
			isa = XCBuildConfiguration;
			buildSettings = {
				BUNDLE_LOADER = "$(TEST_HOST)";
				COMBINE_HIDPI_IMAGES = YES;
				GENERATE_INFOPLIST_FILE = YES;
				LD_RUNPATH_SEARCH_PATHS = (
					"$(inherited)",
					"@executable_path/../Frameworks",
					"@loader_path/../Frameworks",
				);
				MACOSX_DEPLOYMENT_TARGET = 13.0;
				PRODUCT_BUNDLE_IDENTIFIER = com.nicebro.ClipboardManagerTests;
				SDKROOT = macosx;
				SWIFT_VERSION = 5.9;
				TEST_HOST = "$(BUILT_PRODUCTS_DIR)/ClipboardManager.app/Contents/MacOS/ClipboardManager";
			};
			name = Debug;
		};
		8984A8F892DA6E48A3765C69 /* Release */ = {
			isa = XCBuildConfiguration;
			buildSettings = {
				ASSETCATALOG_COMPILER_APPICON_NAME = AppIcon;
				CODE_SIGN_ENTITLEMENTS = Sources/ClipboardManager.entitlements;
				CODE_SIGN_IDENTITY = "-";
				CODE_SIGN_STYLE = Automatic;
				COMBINE_HIDPI_IMAGES = YES;
				CURRENT_PROJECT_VERSION = 1;
				ENABLE_HARDENED_RUNTIME = YES;
				INFOPLIST_FILE = Sources/Info.plist;
				LD_RUNPATH_SEARCH_PATHS = (
					"$(inherited)",
					"@executable_path/../Frameworks",
				);
				MACOSX_DEPLOYMENT_TARGET = 13.0;
				MARKETING_VERSION = 1.0.0;
				PRODUCT_BUNDLE_IDENTIFIER = com.nicebro.ClipboardManager;
				SDKROOT = macosx;
				SWIFT_VERSION = 5.9;
			};
			name = Release;
		};
		9AB9E7BA1344E99AA5730AF4 /* Release */ = {
			isa = XCBuildConfiguration;
			buildSettings = {
				BUNDLE_LOADER = "$(TEST_HOST)";
				COMBINE_HIDPI_IMAGES = YES;
				GENERATE_INFOPLIST_FILE = YES;
				LD_RUNPATH_SEARCH_PATHS = (
					"$(inherited)",
					"@executable_path/../Frameworks",
					"@loader_path/../Frameworks",
				);
				MACOSX_DEPLOYMENT_TARGET = 13.0;
				PRODUCT_BUNDLE_IDENTIFIER = com.nicebro.ClipboardManagerTests;
				SDKROOT = macosx;
				SWIFT_VERSION = 5.9;
				TEST_HOST = "$(BUILT_PRODUCTS_DIR)/ClipboardManager.app/Contents/MacOS/ClipboardManager";
			};
			name = Release;
		};
		9D8D8CC706D7FC06D7041A12 /* Debug */ = {
			isa = XCBuildConfiguration;
			buildSettings = {
				ALWAYS_SEARCH_USER_PATHS = NO;
				CLANG_ANALYZER_NONNULL = YES;
				CLANG_ANALYZER_NUMBER_OBJECT_CONVERSION = YES_AGGRESSIVE;
				CLANG_CXX_LANGUAGE_STANDARD = "gnu++14";
				CLANG_CXX_LIBRARY = "libc++";
				CLANG_ENABLE_MODULES = YES;
				CLANG_ENABLE_OBJC_ARC = YES;
				CLANG_ENABLE_OBJC_WEAK = YES;
				CLANG_WARN_BLOCK_CAPTURE_AUTORELEASING = YES;
				CLANG_WARN_BOOL_CONVERSION = YES;
				CLANG_WARN_COMMA = YES;
				CLANG_WARN_CONSTANT_CONVERSION = YES;
				CLANG_WARN_DEPRECATED_OBJC_IMPLEMENTATIONS = YES;
				CLANG_WARN_DIRECT_OBJC_ISA_USAGE = YES_ERROR;
				CLANG_WARN_DOCUMENTATION_COMMENTS = YES;
				CLANG_WARN_EMPTY_BODY = YES;
				CLANG_WARN_ENUM_CONVERSION = YES;
				CLANG_WARN_INFINITE_RECURSION = YES;
				CLANG_WARN_INT_CONVERSION = YES;
				CLANG_WARN_NON_LITERAL_NULL_CONVERSION = YES;
				CLANG_WARN_OBJC_IMPLICIT_RETAIN_SELF = YES;
				CLANG_WARN_OBJC_LITERAL_CONVERSION = YES;
				CLANG_WARN_OBJC_ROOT_CLASS = YES_ERROR;
				CLANG_WARN_QUOTED_INCLUDE_IN_FRAMEWORK_HEADER = YES;
				CLANG_WARN_RANGE_LOOP_ANALYSIS = YES;
				CLANG_WARN_STRICT_PROTOTYPES = YES;
				CLANG_WARN_SUSPICIOUS_MOVE = YES;
				CLANG_WARN_UNGUARDED_AVAILABILITY = YES_AGGRESSIVE;
				CLANG_WARN_UNREACHABLE_CODE = YES;
				CLANG_WARN__DUPLICATE_METHOD_MATCH = YES;
				COPY_PHASE_STRIP = NO;
				DEBUG_INFORMATION_FORMAT = dwarf;
				ENABLE_STRICT_OBJC_MSGSEND = YES;
				ENABLE_TESTABILITY = YES;
				GCC_C_LANGUAGE_STANDARD = gnu11;
				GCC_DYNAMIC_NO_PIC = NO;
				GCC_NO_COMMON_BLOCKS = YES;
				GCC_OPTIMIZATION_LEVEL = 0;
				GCC_PREPROCESSOR_DEFINITIONS = (
					"$(inherited)",
					"DEBUG=1",
				);
				GCC_WARN_64_TO_32_BIT_CONVERSION = YES;
				GCC_WARN_ABOUT_RETURN_TYPE = YES_ERROR;
				GCC_WARN_UNDECLARED_SELECTOR = YES;
				GCC_WARN_UNINITIALIZED_AUTOS = YES_AGGRESSIVE;
				GCC_WARN_UNUSED_FUNCTION = YES;
				GCC_WARN_UNUSED_VARIABLE = YES;
				MACOSX_DEPLOYMENT_TARGET = 13.0;
				MTL_ENABLE_DEBUG_INFO = INCLUDE_SOURCE;
				MTL_FAST_MATH = YES;
				ONLY_ACTIVE_ARCH = YES;
				PRODUCT_NAME = "$(TARGET_NAME)";
				SDKROOT = macosx;
				SWIFT_ACTIVE_COMPILATION_CONDITIONS = DEBUG;
				SWIFT_OPTIMIZATION_LEVEL = "-Onone";
				SWIFT_VERSION = 5.0;
			};
			name = Debug;
		};
		E87AFD3734FA3707E21B232A /* Release */ = {
			isa = XCBuildConfiguration;
			buildSettings = {
				ALWAYS_SEARCH_USER_PATHS = NO;
				CLANG_ANALYZER_NONNULL = YES;
				CLANG_ANALYZER_NUMBER_OBJECT_CONVERSION = YES_AGGRESSIVE;
				CLANG_CXX_LANGUAGE_STANDARD = "gnu++14";
				CLANG_CXX_LIBRARY = "libc++";
				CLANG_ENABLE_MODULES = YES;
				CLANG_ENABLE_OBJC_ARC = YES;
				CLANG_ENABLE_OBJC_WEAK = YES;
				CLANG_WARN_BLOCK_CAPTURE_AUTORELEASING = YES;
				CLANG_WARN_BOOL_CONVERSION = YES;
				CLANG_WARN_COMMA = YES;
				CLANG_WARN_CONSTANT_CONVERSION = YES;
				CLANG_WARN_DEPRECATED_OBJC_IMPLEMENTATIONS = YES;
				CLANG_WARN_DIRECT_OBJC_ISA_USAGE = YES_ERROR;
				CLANG_WARN_DOCUMENTATION_COMMENTS = YES;
				CLANG_WARN_EMPTY_BODY = YES;
				CLANG_WARN_ENUM_CONVERSION = YES;
				CLANG_WARN_INFINITE_RECURSION = YES;
				CLANG_WARN_INT_CONVERSION = YES;
				CLANG_WARN_NON_LITERAL_NULL_CONVERSION = YES;
				CLANG_WARN_OBJC_IMPLICIT_RETAIN_SELF = YES;
				CLANG_WARN_OBJC_LITERAL_CONVERSION = YES;
				CLANG_WARN_OBJC_ROOT_CLASS = YES_ERROR;
				CLANG_WARN_QUOTED_INCLUDE_IN_FRAMEWORK_HEADER = YES;
				CLANG_WARN_RANGE_LOOP_ANALYSIS = YES;
				CLANG_WARN_STRICT_PROTOTYPES = YES;
				CLANG_WARN_SUSPICIOUS_MOVE = YES;
				CLANG_WARN_UNGUARDED_AVAILABILITY = YES_AGGRESSIVE;
				CLANG_WARN_UNREACHABLE_CODE = YES;
				CLANG_WARN__DUPLICATE_METHOD_MATCH = YES;
				COPY_PHASE_STRIP = NO;
				DEBUG_INFORMATION_FORMAT = "dwarf-with-dsym";
				ENABLE_NS_ASSERTIONS = NO;
				ENABLE_STRICT_OBJC_MSGSEND = YES;
				GCC_C_LANGUAGE_STANDARD = gnu11;
				GCC_NO_COMMON_BLOCKS = YES;
				GCC_WARN_64_TO_32_BIT_CONVERSION = YES;
				GCC_WARN_ABOUT_RETURN_TYPE = YES_ERROR;
				GCC_WARN_UNDECLARED_SELECTOR = YES;
				GCC_WARN_UNINITIALIZED_AUTOS = YES_AGGRESSIVE;
				GCC_WARN_UNUSED_FUNCTION = YES;
				GCC_WARN_UNUSED_VARIABLE = YES;
				MACOSX_DEPLOYMENT_TARGET = 13.0;
				MTL_ENABLE_DEBUG_INFO = NO;
				MTL_FAST_MATH = YES;
				PRODUCT_NAME = "$(TARGET_NAME)";
				SDKROOT = macosx;
				SWIFT_COMPILATION_MODE = wholemodule;
				SWIFT_OPTIMIZATION_LEVEL = "-O";
				SWIFT_VERSION = 5.0;
			};
			name = Release;
		};
/* End XCBuildConfiguration section */

/* Begin XCConfigurationList section */
		12AFB93A9B07278A2C1A3DEE /* Build configuration list for PBXNativeTarget "ClipboardManagerTests" */ = {
			isa = XCConfigurationList;
			buildConfigurations = (
				71852FC0F8DBAA7F4FFC2BA2 /* Debug */,
				9AB9E7BA1344E99AA5730AF4 /* Release */,
			);
			defaultConfigurationIsVisible = 0;
			defaultConfigurationName = Debug;
		};
		5A91224300EDB9050FF8B28A /* Build configuration list for PBXProject "ClipboardManager" */ = {
			isa = XCConfigurationList;
			buildConfigurations = (
				9D8D8CC706D7FC06D7041A12 /* Debug */,
				E87AFD3734FA3707E21B232A /* Release */,
			);
			defaultConfigurationIsVisible = 0;
			defaultConfigurationName = Debug;
		};
		C4C1BA60FC49DFD290414835 /* Build configuration list for PBXNativeTarget "ClipboardManager" */ = {
			isa = XCConfigurationList;
			buildConfigurations = (
				65E52D40A25658BE5B8DE862 /* Debug */,
				8984A8F892DA6E48A3765C69 /* Release */,
			);
			defaultConfigurationIsVisible = 0;
			defaultConfigurationName = Debug;
		};
/* End XCConfigurationList section */
	};
	rootObject = CBC54F6EFA0A4453437C77FD /* Project object */;
}
